
Microsoft Visual Studio Solution File, Format Version 12.00
# Visual Studio Version 16
VisualStudioVersion = 16.0.30717.126
MinimumVisualStudioVersion = 10.0.40219.1
Project("{8BC9CEB8-8B4A-11D0-8D11-00A0C91BC942}") = "P111", "P111\P111.vcxproj", "{882064BB-F616-43FC-8C17-C7C3A6EF4E56}"
EndProject
Project("{8BC9CEB8-8B4A-11D0-8D11-00A0C91BC942}") = "P113", "P113\P113.vcxproj", "{A715DEBF-EE84-4086-A182-2E86B9ECEC8F}"
EndProject
Project("{8BC9CEB8-8B4A-11D0-8D11-00A0C91BC942}") = "P114", "P114\P114.vcxproj", "{DDC77B03-F85E-4CE2-B1BC-612A9B07B608}"
EndProject
Project("{8BC9CEB8-8B4A-11D0-8D11-00A0C91BC942}") = "P122", "P122\P122.vcxproj", "{7F708974-4A69-4B05-BDD7-6065D4EDB00F}"
EndProject
Project("{8BC9CEB8-8B4A-11D0-8D11-00A0C91BC942}") = "P123", "P123\P123.vcxproj", "{A9768E75-9BCD-4D27-BBA6-CE8ED46C2EA9}"
EndProject
Project("{8BC9CEB8-8B4A-11D0-8D11-00A0C91BC942}") = "P125", "P125\P125.vcxproj", "{21C89AF0-51D0-4483-8597-3BA7E8CEB83D}"
EndProject
Project("{8BC9CEB8-8B4A-11D0-8D11-00A0C91BC942}") = "P126", "P126\P126.vcxproj", "{859FD5D7-374B-4EDD-B745-560649162556}"
EndProject
Project("{8BC9CEB8-8B4A-11D0-8D11-00A0C91BC942}") = "P127", "P127\P127.vcxproj", "{625BD754-CC93-4E4D-BB37-3B7EA2BB8CC1}"
EndProject
Project("{8BC9CEB8-8B4A-11D0-8D11-00A0C91BC942}") = "P131", "P131\P131.vcxproj", "{0A8256D9-AE57-49C1-B97A-8FFA0E0F0006}"
EndProject
Project("{8BC9CEB8-8B4A-11D0-8D11-00A0C91BC942}") = "P132", "P132\P132.vcxproj", "{0F013418-D1D0-40A1-9859-2219F85BF48B}"
EndProject
Project("{8BC9CEB8-8B4A-11D0-8D11-00A0C91BC942}") = "P133", "P133\P133.vcxproj", "{79F68CC6-85AD-45F7-90F9-9E46423AA2A4}"
EndProject
Project("{8BC9CEB8-8B4A-11D0-8D11-00A0C91BC942}") = "P134", "P134\P134.vcxproj", "{D5243384-E22A-4DCB-A7E2-D22A4DBB0912}"
EndProject
Project("{8BC9CEB8-8B4A-11D0-8D11-00A0C91BC942}") = "P135", "P135\P135.vcxproj", "{43E40E6A-8DCB-425C-8D12-C99570D60E66}"
EndProject
Project("{8BC9CEB8-8B4A-11D0-8D11-00A0C91BC942}") = "P136", "P136\P136.vcxproj", "{9DBD85FD-0016-4A8A-B6D2-D81F18DB94D9}"
EndProject
Project("{8BC9CEB8-8B4A-11D0-8D11-00A0C91BC942}") = "P137", "P137\P137.vcxproj", "{09739B4F-E11A-41C5-A9E6-1EF8CF262F76}"
EndProject
Project("{8BC9CEB8-8B4A-11D0-8D11-00A0C91BC942}") = "P139", "P139\P139.vcxproj", "{435E5508-0AFE-4DE4-9F61-F15156DF29CE}"
EndProject
Project("{8BC9CEB8-8B4A-11D0-8D11-00A0C91BC942}") = "P140", "P140\P140.vcxproj", "{6B7F26D7-59DE-4CE5-AA7A-FA5672E0E5BF}"
EndProject
Project("{8BC9CEB8-8B4A-11D0-8D11-00A0C91BC942}") = "P141", "P141\P141.vcxproj", "{C646AC1A-3EBE-4937-908D-94A067C52213}"
EndProject
Project("{8BC9CEB8-8B4A-11D0-8D11-00A0C91BC942}") = "P212", "P212\P212.vcxproj", "{C9E7B1CC-A37F-4B0B-95D1-6049C9FA2CBA}"
EndProject
Project("{8BC9CEB8-8B4A-11D0-8D11-00A0C91BC942}") = "P219", "P219\P219.vcxproj", "{AE005639-F4B3-4EB0-9A7B-96EF844C9830}"
EndProject
Project("{8BC9CEB8-8B4A-11D0-8D11-00A0C91BC942}") = "P220", "P220\P220.vcxproj", "{51961D88-6975-4B4B-9C86-6117E7E1552A}"
EndProject
Project("{8BC9CEB8-8B4A-11D0-8D11-00A0C91BC942}") = "P223", "P223\P223.vcxproj", "{ADDE9378-D7BF-4A90-A354-F7DB970BDA11}"
EndProject
Project("{8BC9CEB8-8B4A-11D0-8D11-00A0C91BC942}") = "P224", "P224\P224.vcxproj", "{D822BF51-8811-467B-A0BA-5A71131ED741}"
EndProject
Project("{8BC9CEB8-8B4A-11D0-8D11-00A0C91BC942}") = "P238", "P238\P238.vcxproj", "{10499A8A-4A93-4FF0-8737-C5C9C51CF341}"
EndProject
Project("{8BC9CEB8-8B4A-11D0-8D11-00A0C91BC942}") = "P237", "P237\P237.vcxproj", "{0F02FE39-0F24-41A0-9B6B-AE8E178D4CDB}"
EndProject
Project("{8BC9CEB8-8B4A-11D0-8D11-00A0C91BC942}") = "P239", "P239\P239.vcxproj", "{E8834BC5-0F8D-4691-ACE8-19DC39525174}"
EndProject
Project("{8BC9CEB8-8B4A-11D0-8D11-00A0C91BC942}") = "P240", "P240\P240.vcxproj", "{B0317B73-D5D1-44A4-AC24-F956B01B2964}"
EndProject
Project("{8BC9CEB8-8B4A-11D0-8D11-00A0C91BC942}") = "P241", "P241\P241.vcxproj", "{AEAF0E08-F9F6-4367-94AE-FE94DCC90467}"
EndProject
Project("{8BC9CEB8-8B4A-11D0-8D11-00A0C91BC942}") = "P242", "P242\P242.vcxproj", "{85615E6B-8558-4B32-963A-3AA7D16A5085}"
EndProject
Project("{8BC9CEB8-8B4A-11D0-8D11-00A0C91BC942}") = "P227", "P227\P227.vcxproj", "{B22D232E-298E-43EB-9CDC-0E8060E0AE3E}"
EndProject
Project("{8BC9CEB8-8B4A-11D0-8D11-00A0C91BC942}") = "P735", "P735\P735.vcxproj", "{F9E900E2-0996-4F7F-9B67-D153669FE3A0}"
EndProject
Project("{8BC9CEB8-8B4A-11D0-8D11-00A0C91BC942}") = "P803", "P803\P803.vcxproj", "{5BD6BF81-6B7D-44DB-BCCD-74C735D24867}"
EndProject
Project("{8BC9CEB8-8B4A-11D0-8D11-00A0C91BC942}") = "P243", "P243\P243.vcxproj", "{9E4EA8EC-F616-4471-8940-E805C3E34FE4}"
EndProject
Project("{8BC9CEB8-8B4A-11D0-8D11-00A0C91BC942}") = "P257", "P257\P257.vcxproj", "{C84DAA3F-3F2B-4F3F-84CC-2CC0A322C17D}"
EndProject
Project("{8BC9CEB8-8B4A-11D0-8D11-00A0C91BC942}") = "P258", "P258\P258.vcxproj", "{A6CD79A8-1999-4D85-BB63-70BC01100EB3}"
EndProject
Project("{8BC9CEB8-8B4A-11D0-8D11-00A0C91BC942}") = "P272", "P272\P272.vcxproj", "{F8C90346-D81B-4F8E-AD49-6DB0FCBC8885}"
EndProject
Project("{8BC9CEB8-8B4A-11D0-8D11-00A0C91BC942}") = "P281", "P281\P281.vcxproj", "{C3C69338-9155-41F4-88C5-0E81BC44F189}"
EndProject
Project("{8BC9CEB8-8B4A-11D0-8D11-00A0C91BC942}") = "P702", "P702\P702.vcxproj", "{2B1195A6-625E-4789-A956-A77E824B10B9}"
EndProject
Project("{8BC9CEB8-8B4A-11D0-8D11-00A0C91BC942}") = "TEST", "TEST\TEST.vcxproj", "{3C8F7B49-E64F-41F2-BA1E-EDAF709D9D7E}"
EndProject
Project("{8BC9CEB8-8B4A-11D0-8D11-00A0C91BC942}") = "P703", "P703\P703.vcxproj", "{E2BE3DD5-09A1-4998-86AB-C2EF455C944D}"
EndProject
Project("{8BC9CEB8-8B4A-11D0-8D11-00A0C91BC942}") = "P706", "P706\P706.vcxproj", "{AA70AC02-65FB-4EBC-9A93-A695C9706FB1}"
EndProject
Project("{8BC9CEB8-8B4A-11D0-8D11-00A0C91BC942}") = "P708", "P708\P708.vcxproj", "{A88B9176-8E45-42DA-9B28-A45E5D0E7DB4}"
EndProject
Project("{8BC9CEB8-8B4A-11D0-8D11-00A0C91BC942}") = "P709", "P709\P709.vcxproj", "{EDFF60FE-8B3F-49B6-A4C1-DB2911FB08FB}"
EndProject
Project("{8BC9CEB8-8B4A-11D0-8D11-00A0C91BC942}") = "P710", "P710\P710.vcxproj", "{F33DFA89-4E24-4549-A17E-AADF049E94F1}"
EndProject
Project("{8BC9CEB8-8B4A-11D0-8D11-00A0C91BC942}") = "P711", "P711\P711.vcxproj", "{001F0610-839B-4833-915E-AC7FCDB90EC1}"
EndProject
Project("{8BC9CEB8-8B4A-11D0-8D11-00A0C91BC942}") = "P712", "P712\P712.vcxproj", "{375D4DFB-3FA3-4FAB-89C2-57DC38E5E53B}"
EndProject
Project("{8BC9CEB8-8B4A-11D0-8D11-00A0C91BC942}") = "P714", "P714\P714.vcxproj", "{C3BD41E8-48FC-48E4-AB71-931E3D33B57E}"
EndProject
Project("{8BC9CEB8-8B4A-11D0-8D11-00A0C91BC942}") = "P717", "P717\P717.vcxproj", "{E8094A23-7C61-493E-AFFC-62C6967AF377}"
EndProject
Project("{8BC9CEB8-8B4A-11D0-8D11-00A0C91BC942}") = "P718", "P718\P718.vcxproj", "{FE82BDAF-5720-4ED9-8AD8-DFF1A23DA4F3}"
EndProject
Project("{8BC9CEB8-8B4A-11D0-8D11-00A0C91BC942}") = "P720", "P720\P720.vcxproj", "{40860395-0D79-42F1-82AC-9B5EAB9891C0}"
EndProject
Project("{8BC9CEB8-8B4A-11D0-8D11-00A0C91BC942}") = "P721", "P721\P721.vcxproj", "{ED55430D-18D0-4CDC-A7DF-00AFE85BE2C5}"
EndProject
Project("{8BC9CEB8-8B4A-11D0-8D11-00A0C91BC942}") = "P722", "P722\P722.vcxproj", "{614B9727-D86B-43A1-8E1B-06C88D149BDB}"
EndProject
Project("{8BC9CEB8-8B4A-11D0-8D11-00A0C91BC942}") = "P723", "P723\P723.vcxproj", "{0B637934-C1BD-4C50-8B4F-DFCF3E5212AB}"
EndProject
Project("{8BC9CEB8-8B4A-11D0-8D11-00A0C91BC942}") = "P724", "P724\P724.vcxproj", "{601E475B-999D-48F5-B530-180A180208AA}"
EndProject
Project("{8BC9CEB8-8B4A-11D0-8D11-00A0C91BC942}") = "P725", "P725\P725.vcxproj", "{1B3B2A90-E66E-468B-BE2D-558889BE4CE2}"
EndProject
Project("{8BC9CEB8-8B4A-11D0-8D11-00A0C91BC942}") = "P726", "P726\P726.vcxproj", "{A3EB5D0F-69F1-41D4-B0BE-616F1B744C65}"
EndProject
Project("{8BC9CEB8-8B4A-11D0-8D11-00A0C91BC942}") = "P727", "P727\P727.vcxproj", "{6B304BA6-199F-4028-98CF-2C5B2A576ED4}"
EndProject
Project("{8BC9CEB8-8B4A-11D0-8D11-00A0C91BC942}") = "P124", "P124\P124.vcxproj", "{7E4E8501-5042-4209-94A5-34F032B102AF}"
EndProject
Project("{8BC9CEB8-8B4A-11D0-8D11-00A0C91BC942}") = "P728", "P728\P728.vcxproj", "{2B647F02-7C19-4117-94DE-616D38B0F996}"
EndProject
Project("{8BC9CEB8-8B4A-11D0-8D11-00A0C91BC942}") = "P729", "P729\P729.vcxproj", "{4ED27DC8-C129-4A34-9F0B-D16F86A6571C}"
EndProject
Project("{8BC9CEB8-8B4A-11D0-8D11-00A0C91BC942}") = "P730", "P730\P730.vcxproj", "{BA68D071-DEF0-4B8F-93F5-F9301ADEDB03}"
EndProject
Project("{8BC9CEB8-8B4A-11D0-8D11-00A0C91BC942}") = "P731", "P731\P731.vcxproj", "{C32B3430-C9FA-46F1-A575-B92C671CB846}"
EndProject
Project("{8BC9CEB8-8B4A-11D0-8D11-00A0C91BC942}") = "P732", "P732\P732.vcxproj", "{3AA1B5A3-840C-4A42-8CF7-ABD88E695FDC}"
EndProject
Project("{8BC9CEB8-8B4A-11D0-8D11-00A0C91BC942}") = "P733", "P733\P733.vcxproj", "{858E87A5-794A-4731-9CD9-482C6D6C3A22}"
EndProject
Project("{8BC9CEB8-8B4A-11D0-8D11-00A0C91BC942}") = "P734", "P734\P734.vcxproj", "{DE188BD9-9D1B-4CCF-A465-E41839C19C39}"
EndProject
Project("{8BC9CEB8-8B4A-11D0-8D11-00A0C91BC942}") = "P736", "P736\P736.vcxproj", "{552C227E-1CB1-41E4-AD7B-A6BA9FB5B1F0}"
EndProject
Project("{8BC9CEB8-8B4A-11D0-8D11-00A0C91BC942}") = "P737", "P737\P737.vcxproj", "{2C36F827-9632-4657-AE1D-5AE187CEDEE3}"
EndProject
Project("{8BC9CEB8-8B4A-11D0-8D11-00A0C91BC942}") = "P738", "P738\P738.vcxproj", "{C0FE429A-9A79-48F9-BFA2-3AD1B7A744D0}"
EndProject
Project("{8BC9CEB8-8B4A-11D0-8D11-00A0C91BC942}") = "P740", "P740\P740.vcxproj", "{09D3B30D-7D9C-4FF4-91F8-7EF6373EFFE5}"
EndProject
Project("{8BC9CEB8-8B4A-11D0-8D11-00A0C91BC942}") = "P741", "P741\P741.vcxproj", "{B42124BD-274F-432F-8D8C-37D45859DFA4}"
EndProject
Project("{8BC9CEB8-8B4A-11D0-8D11-00A0C91BC942}") = "P742", "P742\P742.vcxproj", "{B119CB75-C297-4077-B472-991930082B06}"
EndProject
Project("{8BC9CEB8-8B4A-11D0-8D11-00A0C91BC942}") = "P743", "P743\P743.vcxproj", "{FA928456-7237-41A4-9EE6-8FE1929383F6}"
EndProject
Project("{8BC9CEB8-8B4A-11D0-8D11-00A0C91BC942}") = "P419", "P419\P419.vcxproj", "{F9BDE90A-22E2-47B7-A13A-A5EBA3EF68EA}"
EndProject
Project("{8BC9CEB8-8B4A-11D0-8D11-00A0C91BC942}") = "P420", "P420\P420.vcxproj", "{363145B5-4E18-4C7C-B4DE-458E52ED009F}"
EndProject
Project("{8BC9CEB8-8B4A-11D0-8D11-00A0C91BC942}") = "P746", "P746\P746.vcxproj", "{FE168DDC-903D-45CF-B126-74A086A0EC7E}"
EndProject
Project("{8BC9CEB8-8B4A-11D0-8D11-00A0C91BC942}") = "P744", "P744\P744.vcxproj", "{8837C232-AA82-4FC4-AE0D-4D1B639A0612}"
EndProject
Project("{8BC9CEB8-8B4A-11D0-8D11-00A0C91BC942}") = "P747", "P747\P747.vcxproj", "{C47D1170-DFD2-477F-AD32-819B1A9B0D96}"
EndProject
Project("{8BC9CEB8-8B4A-11D0-8D11-00A0C91BC942}") = "P749", "P749\P749.vcxproj", "{42C0A4D2-41D3-4048-9F9F-98E95B28EA43}"
EndProject
Project("{8BC9CEB8-8B4A-11D0-8D11-00A0C91BC942}") = "P750", "P750\P750.vcxproj", "{1F7BF034-FD78-46F5-95D8-95D7164AE1AF}"
EndProject
Project("{8BC9CEB8-8B4A-11D0-8D11-00A0C91BC942}") = "P752", "P752\P752.vcxproj", "{E4DC7568-B2A2-49CE-AE43-5716A2FA80C1}"
EndProject
Project("{8BC9CEB8-8B4A-11D0-8D11-00A0C91BC942}") = "P249", "P249\P249.vcxproj", "{E5E43223-497E-461D-A91E-E506D5E3EA6A}"
EndProject
Project("{8BC9CEB8-8B4A-11D0-8D11-00A0C91BC942}") = "P250", "P250\P250.vcxproj", "{93E20B47-33A5-4CE4-BFB3-4DD01C1AF7CA}"
EndProject
Project("{8BC9CEB8-8B4A-11D0-8D11-00A0C91BC942}") = "P421", "P421\P421.vcxproj", "{D064C908-34F7-43DF-BA05-C647DEB3E604}"
EndProject
Project("{8BC9CEB8-8B4A-11D0-8D11-00A0C91BC942}") = "P263", "P263\P263.vcxproj", "{84821452-5E97-40D1-A398-F50CD3774C7D}"
EndProject
Project("{8BC9CEB8-8B4A-11D0-8D11-00A0C91BC942}") = "P776", "P776\P776.vcxproj", "{F8D6613D-8E8C-4696-A5AE-22650FFB0841}"
EndProject
Project("{8BC9CEB8-8B4A-11D0-8D11-00A0C91BC942}") = "P789", "P789\P789.vcxproj", "{1FA0C3F3-A9B7-4100-89F3-D46A39F9F4DC}"
EndProject
Project("{8BC9CEB8-8B4A-11D0-8D11-00A0C91BC942}") = "P424", "P424\P424.vcxproj", "{2D2C6638-4F00-4DC7-B82C-48F8DEDB1992}"
EndProject
Project("{8BC9CEB8-8B4A-11D0-8D11-00A0C91BC942}") = "P745", "P745\P745.vcxproj", "{37B29770-B8C7-4694-A834-2669526D34EF}"
EndProject
Project("{8BC9CEB8-8B4A-11D0-8D11-00A0C91BC942}") = "P753", "P753\P753.vcxproj", "{59448B24-8F20-41C1-B1D5-40A93CA5BCD9}"
EndProject
Project("{8BC9CEB8-8B4A-11D0-8D11-00A0C91BC942}") = "P754", "P754\P754.vcxproj", "{E27ECE12-B881-49FB-A341-6A4EB5FB8CAF}"
EndProject
Project("{8BC9CEB8-8B4A-11D0-8D11-00A0C91BC942}") = "P755", "P755\P755.vcxproj", "{DB3C7FDE-1E2A-413E-8093-4ECE029FD153}"
EndProject
Project("{8BC9CEB8-8B4A-11D0-8D11-00A0C91BC942}") = "P234", "P234\P234.vcxproj", "{AD575EE3-D848-42C5-8CB1-06205A65536D}"
EndProject
Project("{8BC9CEB8-8B4A-11D0-8D11-00A0C91BC942}") = "P236", "P236\P236.vcxproj", "{F754D01B-79C7-47C2-BB73-8B35E904E0D1}"
EndProject
Project("{8BC9CEB8-8B4A-11D0-8D11-00A0C91BC942}") = "P225", "P225\P225.vcxproj", "{63AC1713-3504-48C8-94BE-B7CBD2206CD7}"
EndProject
Project("{8BC9CEB8-8B4A-11D0-8D11-00A0C91BC942}") = "P817", "P817\P817.vcxproj", "{3EB19139-5876-4F7C-B75F-7E12011DAF5D}"
EndProject
Project("{8BC9CEB8-8B4A-11D0-8D11-00A0C91BC942}") = "P245", "P245\P245.vcxproj", "{5B7F9521-AF09-4BC3-98D4-0F43522AF36C}"
EndProject
Project("{8BC9CEB8-8B4A-11D0-8D11-00A0C91BC942}") = "P246", "P246\P246.vcxproj", "{7D4CD1D0-0795-4428-B1B5-F232259AFB19}"
EndProject
Project("{8BC9CEB8-8B4A-11D0-8D11-00A0C91BC942}") = "P253", "P253\P253.vcxproj", "{B32C2B1C-8081-4FFE-8A1A-F1CCA5D616E0}"
EndProject
Project("{8BC9CEB8-8B4A-11D0-8D11-00A0C91BC942}") = "P232", "P232\P232.vcxproj", "{AE11A972-39B4-4DAD-84E4-B363845CFAAF}"
EndProject
Project("{8BC9CEB8-8B4A-11D0-8D11-00A0C91BC942}") = "Test_c++", "Test_c++\Test_c++.vcxproj", "{570529AF-3C6D-48CD-8BD4-A8D82E327C8E}"
EndProject
Project("{8BC9CEB8-8B4A-11D0-8D11-00A0C91BC942}") = "P777", "P777\P777.vcxproj", "{CB5AAB8D-0C2B-4360-8C41-7D0640E83318}"
EndProject
Project("{8BC9CEB8-8B4A-11D0-8D11-00A0C91BC942}") = "P815", "P815\P815.vcxproj", "{51D2E25C-0C2D-440F-A98E-732FE8D8258E}"
EndProject
Project("{8BC9CEB8-8B4A-11D0-8D11-00A0C91BC942}") = "P781", "P781\P781.vcxproj", "{ED857A54-98C2-4977-BF20-2951121F63D6}"
EndProject
Project("{8BC9CEB8-8B4A-11D0-8D11-00A0C91BC942}") = "P797", "P797\P797.vcxproj", "{7139A73A-C4F1-4CA6-8B5A-CB9A433965AB}"
EndProject
Project("{8BC9CEB8-8B4A-11D0-8D11-00A0C91BC942}") = "P804", "P804\P804.vcxproj", "{96BE7444-4E11-4DCD-83B6-A45685EB1B1E}"
EndProject
Project("{8BC9CEB8-8B4A-11D0-8D11-00A0C91BC942}") = "P814", "P814\P814.vcxproj", "{013F4CB4-7E9C-478F-983F-3F0037FFF68E}"
EndProject
Project("{8BC9CEB8-8B4A-11D0-8D11-00A0C91BC942}") = "P833", "P833\P833.vcxproj", "{DB47A21F-9F12-4189-B362-85C88D1EB04C}"
EndProject
Project("{8BC9CEB8-8B4A-11D0-8D11-00A0C91BC942}") = "test2", "test2\test2.vcxproj", "{9163BBE7-F6B3-48BE-A6D7-47A34E262DD8}"
EndProject
Project("{8BC9CEB8-8B4A-11D0-8D11-00A0C91BC942}") = "P763", "P763\P763.vcxproj", "{6925F6BF-72B9-46BE-BA09-37E35E94B22E}"
EndProject
Project("{8BC9CEB8-8B4A-11D0-8D11-00A0C91BC942}") = "P765", "P765\P765.vcxproj", "{066AF029-EC3C-4028-B8AF-A93B6BC80423}"
EndProject
Global
	GlobalSection(SolutionConfigurationPlatforms) = preSolution
		Debug|Any CPU = Debug|Any CPU
		Debug|x64 = Debug|x64
		Debug|x86 = Debug|x86
		Release|Any CPU = Release|Any CPU
		Release|x64 = Release|x64
		Release|x86 = Release|x86
	EndGlobalSection
	GlobalSection(ProjectConfigurationPlatforms) = postSolution
		{882064BB-F616-43FC-8C17-C7C3A6EF4E56}.Debug|Any CPU.ActiveCfg = Debug|Win32
		{882064BB-F616-43FC-8C17-C7C3A6EF4E56}.Debug|x64.ActiveCfg = Debug|x64
		{882064BB-F616-43FC-8C17-C7C3A6EF4E56}.Debug|x64.Build.0 = Debug|x64
		{882064BB-F616-43FC-8C17-C7C3A6EF4E56}.Debug|x86.ActiveCfg = Debug|Win32
		{882064BB-F616-43FC-8C17-C7C3A6EF4E56}.Debug|x86.Build.0 = Debug|Win32
		{882064BB-F616-43FC-8C17-C7C3A6EF4E56}.Release|Any CPU.ActiveCfg = Release|Win32
		{882064BB-F616-43FC-8C17-C7C3A6EF4E56}.Release|x64.ActiveCfg = Release|x64
		{882064BB-F616-43FC-8C17-C7C3A6EF4E56}.Release|x64.Build.0 = Release|x64
		{882064BB-F616-43FC-8C17-C7C3A6EF4E56}.Release|x86.ActiveCfg = Release|Win32
		{882064BB-F616-43FC-8C17-C7C3A6EF4E56}.Release|x86.Build.0 = Release|Win32
		{A715DEBF-EE84-4086-A182-2E86B9ECEC8F}.Debug|Any CPU.ActiveCfg = Debug|Win32
		{A715DEBF-EE84-4086-A182-2E86B9ECEC8F}.Debug|x64.ActiveCfg = Debug|x64
		{A715DEBF-EE84-4086-A182-2E86B9ECEC8F}.Debug|x64.Build.0 = Debug|x64
		{A715DEBF-EE84-4086-A182-2E86B9ECEC8F}.Debug|x86.ActiveCfg = Debug|Win32
		{A715DEBF-EE84-4086-A182-2E86B9ECEC8F}.Debug|x86.Build.0 = Debug|Win32
		{A715DEBF-EE84-4086-A182-2E86B9ECEC8F}.Release|Any CPU.ActiveCfg = Release|Win32
		{A715DEBF-EE84-4086-A182-2E86B9ECEC8F}.Release|x64.ActiveCfg = Release|x64
		{A715DEBF-EE84-4086-A182-2E86B9ECEC8F}.Release|x64.Build.0 = Release|x64
		{A715DEBF-EE84-4086-A182-2E86B9ECEC8F}.Release|x86.ActiveCfg = Release|Win32
		{A715DEBF-EE84-4086-A182-2E86B9ECEC8F}.Release|x86.Build.0 = Release|Win32
		{DDC77B03-F85E-4CE2-B1BC-612A9B07B608}.Debug|Any CPU.ActiveCfg = Debug|Win32
		{DDC77B03-F85E-4CE2-B1BC-612A9B07B608}.Debug|x64.ActiveCfg = Debug|x64
		{DDC77B03-F85E-4CE2-B1BC-612A9B07B608}.Debug|x64.Build.0 = Debug|x64
		{DDC77B03-F85E-4CE2-B1BC-612A9B07B608}.Debug|x86.ActiveCfg = Debug|Win32
		{DDC77B03-F85E-4CE2-B1BC-612A9B07B608}.Debug|x86.Build.0 = Debug|Win32
		{DDC77B03-F85E-4CE2-B1BC-612A9B07B608}.Release|Any CPU.ActiveCfg = Release|Win32
		{DDC77B03-F85E-4CE2-B1BC-612A9B07B608}.Release|x64.ActiveCfg = Release|x64
		{DDC77B03-F85E-4CE2-B1BC-612A9B07B608}.Release|x64.Build.0 = Release|x64
		{DDC77B03-F85E-4CE2-B1BC-612A9B07B608}.Release|x86.ActiveCfg = Release|Win32
		{DDC77B03-F85E-4CE2-B1BC-612A9B07B608}.Release|x86.Build.0 = Release|Win32
		{7F708974-4A69-4B05-BDD7-6065D4EDB00F}.Debug|Any CPU.ActiveCfg = Debug|Win32
		{7F708974-4A69-4B05-BDD7-6065D4EDB00F}.Debug|x64.ActiveCfg = Debug|x64
		{7F708974-4A69-4B05-BDD7-6065D4EDB00F}.Debug|x64.Build.0 = Debug|x64
		{7F708974-4A69-4B05-BDD7-6065D4EDB00F}.Debug|x86.ActiveCfg = Debug|Win32
		{7F708974-4A69-4B05-BDD7-6065D4EDB00F}.Debug|x86.Build.0 = Debug|Win32
		{7F708974-4A69-4B05-BDD7-6065D4EDB00F}.Release|Any CPU.ActiveCfg = Release|Win32
		{7F708974-4A69-4B05-BDD7-6065D4EDB00F}.Release|x64.ActiveCfg = Release|x64
		{7F708974-4A69-4B05-BDD7-6065D4EDB00F}.Release|x64.Build.0 = Release|x64
		{7F708974-4A69-4B05-BDD7-6065D4EDB00F}.Release|x86.ActiveCfg = Release|Win32
		{7F708974-4A69-4B05-BDD7-6065D4EDB00F}.Release|x86.Build.0 = Release|Win32
		{A9768E75-9BCD-4D27-BBA6-CE8ED46C2EA9}.Debug|Any CPU.ActiveCfg = Debug|Win32
		{A9768E75-9BCD-4D27-BBA6-CE8ED46C2EA9}.Debug|x64.ActiveCfg = Debug|x64
		{A9768E75-9BCD-4D27-BBA6-CE8ED46C2EA9}.Debug|x64.Build.0 = Debug|x64
		{A9768E75-9BCD-4D27-BBA6-CE8ED46C2EA9}.Debug|x86.ActiveCfg = Debug|Win32
		{A9768E75-9BCD-4D27-BBA6-CE8ED46C2EA9}.Debug|x86.Build.0 = Debug|Win32
		{A9768E75-9BCD-4D27-BBA6-CE8ED46C2EA9}.Release|Any CPU.ActiveCfg = Release|Win32
		{A9768E75-9BCD-4D27-BBA6-CE8ED46C2EA9}.Release|x64.ActiveCfg = Release|x64
		{A9768E75-9BCD-4D27-BBA6-CE8ED46C2EA9}.Release|x64.Build.0 = Release|x64
		{A9768E75-9BCD-4D27-BBA6-CE8ED46C2EA9}.Release|x86.ActiveCfg = Release|Win32
		{A9768E75-9BCD-4D27-BBA6-CE8ED46C2EA9}.Release|x86.Build.0 = Release|Win32
		{21C89AF0-51D0-4483-8597-3BA7E8CEB83D}.Debug|Any CPU.ActiveCfg = Debug|Win32
		{21C89AF0-51D0-4483-8597-3BA7E8CEB83D}.Debug|x64.ActiveCfg = Debug|x64
		{21C89AF0-51D0-4483-8597-3BA7E8CEB83D}.Debug|x64.Build.0 = Debug|x64
		{21C89AF0-51D0-4483-8597-3BA7E8CEB83D}.Debug|x86.ActiveCfg = Debug|Win32
		{21C89AF0-51D0-4483-8597-3BA7E8CEB83D}.Debug|x86.Build.0 = Debug|Win32
		{21C89AF0-51D0-4483-8597-3BA7E8CEB83D}.Release|Any CPU.ActiveCfg = Release|Win32
		{21C89AF0-51D0-4483-8597-3BA7E8CEB83D}.Release|x64.ActiveCfg = Release|x64
		{21C89AF0-51D0-4483-8597-3BA7E8CEB83D}.Release|x64.Build.0 = Release|x64
		{21C89AF0-51D0-4483-8597-3BA7E8CEB83D}.Release|x86.ActiveCfg = Release|Win32
		{21C89AF0-51D0-4483-8597-3BA7E8CEB83D}.Release|x86.Build.0 = Release|Win32
		{859FD5D7-374B-4EDD-B745-560649162556}.Debug|Any CPU.ActiveCfg = Debug|Win32
		{859FD5D7-374B-4EDD-B745-560649162556}.Debug|x64.ActiveCfg = Debug|x64
		{859FD5D7-374B-4EDD-B745-560649162556}.Debug|x64.Build.0 = Debug|x64
		{859FD5D7-374B-4EDD-B745-560649162556}.Debug|x86.ActiveCfg = Debug|Win32
		{859FD5D7-374B-4EDD-B745-560649162556}.Debug|x86.Build.0 = Debug|Win32
		{859FD5D7-374B-4EDD-B745-560649162556}.Release|Any CPU.ActiveCfg = Release|Win32
		{859FD5D7-374B-4EDD-B745-560649162556}.Release|x64.ActiveCfg = Release|x64
		{859FD5D7-374B-4EDD-B745-560649162556}.Release|x64.Build.0 = Release|x64
		{859FD5D7-374B-4EDD-B745-560649162556}.Release|x86.ActiveCfg = Release|Win32
		{859FD5D7-374B-4EDD-B745-560649162556}.Release|x86.Build.0 = Release|Win32
		{625BD754-CC93-4E4D-BB37-3B7EA2BB8CC1}.Debug|Any CPU.ActiveCfg = Debug|Win32
		{625BD754-CC93-4E4D-BB37-3B7EA2BB8CC1}.Debug|x64.ActiveCfg = Debug|x64
		{625BD754-CC93-4E4D-BB37-3B7EA2BB8CC1}.Debug|x64.Build.0 = Debug|x64
		{625BD754-CC93-4E4D-BB37-3B7EA2BB8CC1}.Debug|x86.ActiveCfg = Debug|Win32
		{625BD754-CC93-4E4D-BB37-3B7EA2BB8CC1}.Debug|x86.Build.0 = Debug|Win32
		{625BD754-CC93-4E4D-BB37-3B7EA2BB8CC1}.Release|Any CPU.ActiveCfg = Release|Win32
		{625BD754-CC93-4E4D-BB37-3B7EA2BB8CC1}.Release|x64.ActiveCfg = Release|x64
		{625BD754-CC93-4E4D-BB37-3B7EA2BB8CC1}.Release|x64.Build.0 = Release|x64
		{625BD754-CC93-4E4D-BB37-3B7EA2BB8CC1}.Release|x86.ActiveCfg = Release|Win32
		{625BD754-CC93-4E4D-BB37-3B7EA2BB8CC1}.Release|x86.Build.0 = Release|Win32
		{0A8256D9-AE57-49C1-B97A-8FFA0E0F0006}.Debug|Any CPU.ActiveCfg = Debug|Win32
		{0A8256D9-AE57-49C1-B97A-8FFA0E0F0006}.Debug|x64.ActiveCfg = Debug|x64
		{0A8256D9-AE57-49C1-B97A-8FFA0E0F0006}.Debug|x64.Build.0 = Debug|x64
		{0A8256D9-AE57-49C1-B97A-8FFA0E0F0006}.Debug|x86.ActiveCfg = Debug|Win32
		{0A8256D9-AE57-49C1-B97A-8FFA0E0F0006}.Debug|x86.Build.0 = Debug|Win32
		{0A8256D9-AE57-49C1-B97A-8FFA0E0F0006}.Release|Any CPU.ActiveCfg = Release|Win32
		{0A8256D9-AE57-49C1-B97A-8FFA0E0F0006}.Release|x64.ActiveCfg = Release|x64
		{0A8256D9-AE57-49C1-B97A-8FFA0E0F0006}.Release|x64.Build.0 = Release|x64
		{0A8256D9-AE57-49C1-B97A-8FFA0E0F0006}.Release|x86.ActiveCfg = Release|Win32
		{0A8256D9-AE57-49C1-B97A-8FFA0E0F0006}.Release|x86.Build.0 = Release|Win32
		{0F013418-D1D0-40A1-9859-2219F85BF48B}.Debug|Any CPU.ActiveCfg = Debug|Win32
		{0F013418-D1D0-40A1-9859-2219F85BF48B}.Debug|x64.ActiveCfg = Debug|x64
		{0F013418-D1D0-40A1-9859-2219F85BF48B}.Debug|x64.Build.0 = Debug|x64
		{0F013418-D1D0-40A1-9859-2219F85BF48B}.Debug|x86.ActiveCfg = Debug|Win32
		{0F013418-D1D0-40A1-9859-2219F85BF48B}.Debug|x86.Build.0 = Debug|Win32
		{0F013418-D1D0-40A1-9859-2219F85BF48B}.Release|Any CPU.ActiveCfg = Release|Win32
		{0F013418-D1D0-40A1-9859-2219F85BF48B}.Release|x64.ActiveCfg = Release|x64
		{0F013418-D1D0-40A1-9859-2219F85BF48B}.Release|x64.Build.0 = Release|x64
		{0F013418-D1D0-40A1-9859-2219F85BF48B}.Release|x86.ActiveCfg = Release|Win32
		{0F013418-D1D0-40A1-9859-2219F85BF48B}.Release|x86.Build.0 = Release|Win32
		{79F68CC6-85AD-45F7-90F9-9E46423AA2A4}.Debug|Any CPU.ActiveCfg = Debug|Win32
		{79F68CC6-85AD-45F7-90F9-9E46423AA2A4}.Debug|x64.ActiveCfg = Debug|x64
		{79F68CC6-85AD-45F7-90F9-9E46423AA2A4}.Debug|x64.Build.0 = Debug|x64
		{79F68CC6-85AD-45F7-90F9-9E46423AA2A4}.Debug|x86.ActiveCfg = Debug|Win32
		{79F68CC6-85AD-45F7-90F9-9E46423AA2A4}.Debug|x86.Build.0 = Debug|Win32
		{79F68CC6-85AD-45F7-90F9-9E46423AA2A4}.Release|Any CPU.ActiveCfg = Release|Win32
		{79F68CC6-85AD-45F7-90F9-9E46423AA2A4}.Release|x64.ActiveCfg = Release|x64
		{79F68CC6-85AD-45F7-90F9-9E46423AA2A4}.Release|x64.Build.0 = Release|x64
		{79F68CC6-85AD-45F7-90F9-9E46423AA2A4}.Release|x86.ActiveCfg = Release|Win32
		{79F68CC6-85AD-45F7-90F9-9E46423AA2A4}.Release|x86.Build.0 = Release|Win32
		{D5243384-E22A-4DCB-A7E2-D22A4DBB0912}.Debug|Any CPU.ActiveCfg = Debug|Win32
		{D5243384-E22A-4DCB-A7E2-D22A4DBB0912}.Debug|x64.ActiveCfg = Debug|x64
		{D5243384-E22A-4DCB-A7E2-D22A4DBB0912}.Debug|x64.Build.0 = Debug|x64
		{D5243384-E22A-4DCB-A7E2-D22A4DBB0912}.Debug|x86.ActiveCfg = Debug|Win32
		{D5243384-E22A-4DCB-A7E2-D22A4DBB0912}.Debug|x86.Build.0 = Debug|Win32
		{D5243384-E22A-4DCB-A7E2-D22A4DBB0912}.Release|Any CPU.ActiveCfg = Release|Win32
		{D5243384-E22A-4DCB-A7E2-D22A4DBB0912}.Release|x64.ActiveCfg = Release|x64
		{D5243384-E22A-4DCB-A7E2-D22A4DBB0912}.Release|x64.Build.0 = Release|x64
		{D5243384-E22A-4DCB-A7E2-D22A4DBB0912}.Release|x86.ActiveCfg = Release|Win32
		{D5243384-E22A-4DCB-A7E2-D22A4DBB0912}.Release|x86.Build.0 = Release|Win32
		{43E40E6A-8DCB-425C-8D12-C99570D60E66}.Debug|Any CPU.ActiveCfg = Debug|Win32
		{43E40E6A-8DCB-425C-8D12-C99570D60E66}.Debug|x64.ActiveCfg = Debug|x64
		{43E40E6A-8DCB-425C-8D12-C99570D60E66}.Debug|x64.Build.0 = Debug|x64
		{43E40E6A-8DCB-425C-8D12-C99570D60E66}.Debug|x86.ActiveCfg = Debug|Win32
		{43E40E6A-8DCB-425C-8D12-C99570D60E66}.Debug|x86.Build.0 = Debug|Win32
		{43E40E6A-8DCB-425C-8D12-C99570D60E66}.Release|Any CPU.ActiveCfg = Release|Win32
		{43E40E6A-8DCB-425C-8D12-C99570D60E66}.Release|x64.ActiveCfg = Release|x64
		{43E40E6A-8DCB-425C-8D12-C99570D60E66}.Release|x64.Build.0 = Release|x64
		{43E40E6A-8DCB-425C-8D12-C99570D60E66}.Release|x86.ActiveCfg = Release|Win32
		{43E40E6A-8DCB-425C-8D12-C99570D60E66}.Release|x86.Build.0 = Release|Win32
		{9DBD85FD-0016-4A8A-B6D2-D81F18DB94D9}.Debug|Any CPU.ActiveCfg = Debug|Win32
		{9DBD85FD-0016-4A8A-B6D2-D81F18DB94D9}.Debug|x64.ActiveCfg = Debug|x64
		{9DBD85FD-0016-4A8A-B6D2-D81F18DB94D9}.Debug|x64.Build.0 = Debug|x64
		{9DBD85FD-0016-4A8A-B6D2-D81F18DB94D9}.Debug|x86.ActiveCfg = Debug|Win32
		{9DBD85FD-0016-4A8A-B6D2-D81F18DB94D9}.Debug|x86.Build.0 = Debug|Win32
		{9DBD85FD-0016-4A8A-B6D2-D81F18DB94D9}.Release|Any CPU.ActiveCfg = Release|Win32
		{9DBD85FD-0016-4A8A-B6D2-D81F18DB94D9}.Release|x64.ActiveCfg = Release|x64
		{9DBD85FD-0016-4A8A-B6D2-D81F18DB94D9}.Release|x64.Build.0 = Release|x64
		{9DBD85FD-0016-4A8A-B6D2-D81F18DB94D9}.Release|x86.ActiveCfg = Release|Win32
		{9DBD85FD-0016-4A8A-B6D2-D81F18DB94D9}.Release|x86.Build.0 = Release|Win32
		{09739B4F-E11A-41C5-A9E6-1EF8CF262F76}.Debug|Any CPU.ActiveCfg = Debug|Win32
		{09739B4F-E11A-41C5-A9E6-1EF8CF262F76}.Debug|x64.ActiveCfg = Debug|x64
		{09739B4F-E11A-41C5-A9E6-1EF8CF262F76}.Debug|x64.Build.0 = Debug|x64
		{09739B4F-E11A-41C5-A9E6-1EF8CF262F76}.Debug|x86.ActiveCfg = Debug|Win32
		{09739B4F-E11A-41C5-A9E6-1EF8CF262F76}.Debug|x86.Build.0 = Debug|Win32
		{09739B4F-E11A-41C5-A9E6-1EF8CF262F76}.Release|Any CPU.ActiveCfg = Release|Win32
		{09739B4F-E11A-41C5-A9E6-1EF8CF262F76}.Release|x64.ActiveCfg = Release|x64
		{09739B4F-E11A-41C5-A9E6-1EF8CF262F76}.Release|x64.Build.0 = Release|x64
		{09739B4F-E11A-41C5-A9E6-1EF8CF262F76}.Release|x86.ActiveCfg = Release|Win32
		{09739B4F-E11A-41C5-A9E6-1EF8CF262F76}.Release|x86.Build.0 = Release|Win32
		{435E5508-0AFE-4DE4-9F61-F15156DF29CE}.Debug|Any CPU.ActiveCfg = Debug|Win32
		{435E5508-0AFE-4DE4-9F61-F15156DF29CE}.Debug|x64.ActiveCfg = Debug|x64
		{435E5508-0AFE-4DE4-9F61-F15156DF29CE}.Debug|x64.Build.0 = Debug|x64
		{435E5508-0AFE-4DE4-9F61-F15156DF29CE}.Debug|x86.ActiveCfg = Debug|Win32
		{435E5508-0AFE-4DE4-9F61-F15156DF29CE}.Debug|x86.Build.0 = Debug|Win32
		{435E5508-0AFE-4DE4-9F61-F15156DF29CE}.Release|Any CPU.ActiveCfg = Release|Win32
		{435E5508-0AFE-4DE4-9F61-F15156DF29CE}.Release|x64.ActiveCfg = Release|x64
		{435E5508-0AFE-4DE4-9F61-F15156DF29CE}.Release|x64.Build.0 = Release|x64
		{435E5508-0AFE-4DE4-9F61-F15156DF29CE}.Release|x86.ActiveCfg = Release|Win32
		{435E5508-0AFE-4DE4-9F61-F15156DF29CE}.Release|x86.Build.0 = Release|Win32
		{6B7F26D7-59DE-4CE5-AA7A-FA5672E0E5BF}.Debug|Any CPU.ActiveCfg = Debug|Win32
		{6B7F26D7-59DE-4CE5-AA7A-FA5672E0E5BF}.Debug|x64.ActiveCfg = Debug|x64
		{6B7F26D7-59DE-4CE5-AA7A-FA5672E0E5BF}.Debug|x64.Build.0 = Debug|x64
		{6B7F26D7-59DE-4CE5-AA7A-FA5672E0E5BF}.Debug|x86.ActiveCfg = Debug|Win32
		{6B7F26D7-59DE-4CE5-AA7A-FA5672E0E5BF}.Debug|x86.Build.0 = Debug|Win32
		{6B7F26D7-59DE-4CE5-AA7A-FA5672E0E5BF}.Release|Any CPU.ActiveCfg = Release|Win32
		{6B7F26D7-59DE-4CE5-AA7A-FA5672E0E5BF}.Release|x64.ActiveCfg = Release|x64
		{6B7F26D7-59DE-4CE5-AA7A-FA5672E0E5BF}.Release|x64.Build.0 = Release|x64
		{6B7F26D7-59DE-4CE5-AA7A-FA5672E0E5BF}.Release|x86.ActiveCfg = Release|Win32
		{6B7F26D7-59DE-4CE5-AA7A-FA5672E0E5BF}.Release|x86.Build.0 = Release|Win32
		{C646AC1A-3EBE-4937-908D-94A067C52213}.Debug|Any CPU.ActiveCfg = Debug|Win32
		{C646AC1A-3EBE-4937-908D-94A067C52213}.Debug|x64.ActiveCfg = Debug|x64
		{C646AC1A-3EBE-4937-908D-94A067C52213}.Debug|x64.Build.0 = Debug|x64
		{C646AC1A-3EBE-4937-908D-94A067C52213}.Debug|x86.ActiveCfg = Debug|Win32
		{C646AC1A-3EBE-4937-908D-94A067C52213}.Debug|x86.Build.0 = Debug|Win32
		{C646AC1A-3EBE-4937-908D-94A067C52213}.Release|Any CPU.ActiveCfg = Release|Win32
		{C646AC1A-3EBE-4937-908D-94A067C52213}.Release|x64.ActiveCfg = Release|x64
		{C646AC1A-3EBE-4937-908D-94A067C52213}.Release|x64.Build.0 = Release|x64
		{C646AC1A-3EBE-4937-908D-94A067C52213}.Release|x86.ActiveCfg = Release|Win32
		{C646AC1A-3EBE-4937-908D-94A067C52213}.Release|x86.Build.0 = Release|Win32
		{C9E7B1CC-A37F-4B0B-95D1-6049C9FA2CBA}.Debug|Any CPU.ActiveCfg = Debug|Win32
		{C9E7B1CC-A37F-4B0B-95D1-6049C9FA2CBA}.Debug|x64.ActiveCfg = Debug|x64
		{C9E7B1CC-A37F-4B0B-95D1-6049C9FA2CBA}.Debug|x64.Build.0 = Debug|x64
		{C9E7B1CC-A37F-4B0B-95D1-6049C9FA2CBA}.Debug|x86.ActiveCfg = Debug|Win32
		{C9E7B1CC-A37F-4B0B-95D1-6049C9FA2CBA}.Debug|x86.Build.0 = Debug|Win32
		{C9E7B1CC-A37F-4B0B-95D1-6049C9FA2CBA}.Release|Any CPU.ActiveCfg = Release|Win32
		{C9E7B1CC-A37F-4B0B-95D1-6049C9FA2CBA}.Release|x64.ActiveCfg = Release|x64
		{C9E7B1CC-A37F-4B0B-95D1-6049C9FA2CBA}.Release|x64.Build.0 = Release|x64
		{C9E7B1CC-A37F-4B0B-95D1-6049C9FA2CBA}.Release|x86.ActiveCfg = Release|Win32
		{C9E7B1CC-A37F-4B0B-95D1-6049C9FA2CBA}.Release|x86.Build.0 = Release|Win32
		{AE005639-F4B3-4EB0-9A7B-96EF844C9830}.Debug|Any CPU.ActiveCfg = Debug|Win32
		{AE005639-F4B3-4EB0-9A7B-96EF844C9830}.Debug|x64.ActiveCfg = Debug|x64
		{AE005639-F4B3-4EB0-9A7B-96EF844C9830}.Debug|x64.Build.0 = Debug|x64
		{AE005639-F4B3-4EB0-9A7B-96EF844C9830}.Debug|x86.ActiveCfg = Debug|Win32
		{AE005639-F4B3-4EB0-9A7B-96EF844C9830}.Debug|x86.Build.0 = Debug|Win32
		{AE005639-F4B3-4EB0-9A7B-96EF844C9830}.Release|Any CPU.ActiveCfg = Release|Win32
		{AE005639-F4B3-4EB0-9A7B-96EF844C9830}.Release|x64.ActiveCfg = Release|x64
		{AE005639-F4B3-4EB0-9A7B-96EF844C9830}.Release|x64.Build.0 = Release|x64
		{AE005639-F4B3-4EB0-9A7B-96EF844C9830}.Release|x86.ActiveCfg = Release|Win32
		{AE005639-F4B3-4EB0-9A7B-96EF844C9830}.Release|x86.Build.0 = Release|Win32
		{51961D88-6975-4B4B-9C86-6117E7E1552A}.Debug|Any CPU.ActiveCfg = Debug|Win32
		{51961D88-6975-4B4B-9C86-6117E7E1552A}.Debug|x64.ActiveCfg = Debug|x64
		{51961D88-6975-4B4B-9C86-6117E7E1552A}.Debug|x64.Build.0 = Debug|x64
		{51961D88-6975-4B4B-9C86-6117E7E1552A}.Debug|x86.ActiveCfg = Debug|Win32
		{51961D88-6975-4B4B-9C86-6117E7E1552A}.Debug|x86.Build.0 = Debug|Win32
		{51961D88-6975-4B4B-9C86-6117E7E1552A}.Release|Any CPU.ActiveCfg = Release|Win32
		{51961D88-6975-4B4B-9C86-6117E7E1552A}.Release|x64.ActiveCfg = Release|x64
		{51961D88-6975-4B4B-9C86-6117E7E1552A}.Release|x64.Build.0 = Release|x64
		{51961D88-6975-4B4B-9C86-6117E7E1552A}.Release|x86.ActiveCfg = Release|Win32
		{51961D88-6975-4B4B-9C86-6117E7E1552A}.Release|x86.Build.0 = Release|Win32
		{ADDE9378-D7BF-4A90-A354-F7DB970BDA11}.Debug|Any CPU.ActiveCfg = Debug|Win32
		{ADDE9378-D7BF-4A90-A354-F7DB970BDA11}.Debug|x64.ActiveCfg = Debug|x64
		{ADDE9378-D7BF-4A90-A354-F7DB970BDA11}.Debug|x64.Build.0 = Debug|x64
		{ADDE9378-D7BF-4A90-A354-F7DB970BDA11}.Debug|x86.ActiveCfg = Debug|Win32
		{ADDE9378-D7BF-4A90-A354-F7DB970BDA11}.Debug|x86.Build.0 = Debug|Win32
		{ADDE9378-D7BF-4A90-A354-F7DB970BDA11}.Release|Any CPU.ActiveCfg = Release|Win32
		{ADDE9378-D7BF-4A90-A354-F7DB970BDA11}.Release|x64.ActiveCfg = Release|x64
		{ADDE9378-D7BF-4A90-A354-F7DB970BDA11}.Release|x64.Build.0 = Release|x64
		{ADDE9378-D7BF-4A90-A354-F7DB970BDA11}.Release|x86.ActiveCfg = Release|Win32
		{ADDE9378-D7BF-4A90-A354-F7DB970BDA11}.Release|x86.Build.0 = Release|Win32
		{D822BF51-8811-467B-A0BA-5A71131ED741}.Debug|Any CPU.ActiveCfg = Debug|Win32
		{D822BF51-8811-467B-A0BA-5A71131ED741}.Debug|x64.ActiveCfg = Debug|x64
		{D822BF51-8811-467B-A0BA-5A71131ED741}.Debug|x64.Build.0 = Debug|x64
		{D822BF51-8811-467B-A0BA-5A71131ED741}.Debug|x86.ActiveCfg = Debug|Win32
		{D822BF51-8811-467B-A0BA-5A71131ED741}.Debug|x86.Build.0 = Debug|Win32
		{D822BF51-8811-467B-A0BA-5A71131ED741}.Release|Any CPU.ActiveCfg = Release|Win32
		{D822BF51-8811-467B-A0BA-5A71131ED741}.Release|x64.ActiveCfg = Release|x64
		{D822BF51-8811-467B-A0BA-5A71131ED741}.Release|x64.Build.0 = Release|x64
		{D822BF51-8811-467B-A0BA-5A71131ED741}.Release|x86.ActiveCfg = Release|Win32
		{D822BF51-8811-467B-A0BA-5A71131ED741}.Release|x86.Build.0 = Release|Win32
		{10499A8A-4A93-4FF0-8737-C5C9C51CF341}.Debug|Any CPU.ActiveCfg = Debug|Win32
		{10499A8A-4A93-4FF0-8737-C5C9C51CF341}.Debug|x64.ActiveCfg = Debug|x64
		{10499A8A-4A93-4FF0-8737-C5C9C51CF341}.Debug|x64.Build.0 = Debug|x64
		{10499A8A-4A93-4FF0-8737-C5C9C51CF341}.Debug|x86.ActiveCfg = Debug|Win32
		{10499A8A-4A93-4FF0-8737-C5C9C51CF341}.Debug|x86.Build.0 = Debug|Win32
		{10499A8A-4A93-4FF0-8737-C5C9C51CF341}.Release|Any CPU.ActiveCfg = Release|Win32
		{10499A8A-4A93-4FF0-8737-C5C9C51CF341}.Release|x64.ActiveCfg = Release|x64
		{10499A8A-4A93-4FF0-8737-C5C9C51CF341}.Release|x64.Build.0 = Release|x64
		{10499A8A-4A93-4FF0-8737-C5C9C51CF341}.Release|x86.ActiveCfg = Release|Win32
		{10499A8A-4A93-4FF0-8737-C5C9C51CF341}.Release|x86.Build.0 = Release|Win32
		{0F02FE39-0F24-41A0-9B6B-AE8E178D4CDB}.Debug|Any CPU.ActiveCfg = Debug|Win32
		{0F02FE39-0F24-41A0-9B6B-AE8E178D4CDB}.Debug|x64.ActiveCfg = Debug|x64
		{0F02FE39-0F24-41A0-9B6B-AE8E178D4CDB}.Debug|x64.Build.0 = Debug|x64
		{0F02FE39-0F24-41A0-9B6B-AE8E178D4CDB}.Debug|x86.ActiveCfg = Debug|Win32
		{0F02FE39-0F24-41A0-9B6B-AE8E178D4CDB}.Debug|x86.Build.0 = Debug|Win32
		{0F02FE39-0F24-41A0-9B6B-AE8E178D4CDB}.Release|Any CPU.ActiveCfg = Release|Win32
		{0F02FE39-0F24-41A0-9B6B-AE8E178D4CDB}.Release|x64.ActiveCfg = Release|x64
		{0F02FE39-0F24-41A0-9B6B-AE8E178D4CDB}.Release|x64.Build.0 = Release|x64
		{0F02FE39-0F24-41A0-9B6B-AE8E178D4CDB}.Release|x86.ActiveCfg = Release|Win32
		{0F02FE39-0F24-41A0-9B6B-AE8E178D4CDB}.Release|x86.Build.0 = Release|Win32
		{E8834BC5-0F8D-4691-ACE8-19DC39525174}.Debug|Any CPU.ActiveCfg = Debug|Win32
		{E8834BC5-0F8D-4691-ACE8-19DC39525174}.Debug|x64.ActiveCfg = Debug|x64
		{E8834BC5-0F8D-4691-ACE8-19DC39525174}.Debug|x64.Build.0 = Debug|x64
		{E8834BC5-0F8D-4691-ACE8-19DC39525174}.Debug|x86.ActiveCfg = Debug|Win32
		{E8834BC5-0F8D-4691-ACE8-19DC39525174}.Debug|x86.Build.0 = Debug|Win32
		{E8834BC5-0F8D-4691-ACE8-19DC39525174}.Release|Any CPU.ActiveCfg = Release|Win32
		{E8834BC5-0F8D-4691-ACE8-19DC39525174}.Release|x64.ActiveCfg = Release|x64
		{E8834BC5-0F8D-4691-ACE8-19DC39525174}.Release|x64.Build.0 = Release|x64
		{E8834BC5-0F8D-4691-ACE8-19DC39525174}.Release|x86.ActiveCfg = Release|Win32
		{E8834BC5-0F8D-4691-ACE8-19DC39525174}.Release|x86.Build.0 = Release|Win32
		{B0317B73-D5D1-44A4-AC24-F956B01B2964}.Debug|Any CPU.ActiveCfg = Debug|Win32
		{B0317B73-D5D1-44A4-AC24-F956B01B2964}.Debug|x64.ActiveCfg = Debug|x64
		{B0317B73-D5D1-44A4-AC24-F956B01B2964}.Debug|x64.Build.0 = Debug|x64
		{B0317B73-D5D1-44A4-AC24-F956B01B2964}.Debug|x86.ActiveCfg = Debug|Win32
		{B0317B73-D5D1-44A4-AC24-F956B01B2964}.Debug|x86.Build.0 = Debug|Win32
		{B0317B73-D5D1-44A4-AC24-F956B01B2964}.Release|Any CPU.ActiveCfg = Release|Win32
		{B0317B73-D5D1-44A4-AC24-F956B01B2964}.Release|x64.ActiveCfg = Release|x64
		{B0317B73-D5D1-44A4-AC24-F956B01B2964}.Release|x64.Build.0 = Release|x64
		{B0317B73-D5D1-44A4-AC24-F956B01B2964}.Release|x86.ActiveCfg = Release|Win32
		{B0317B73-D5D1-44A4-AC24-F956B01B2964}.Release|x86.Build.0 = Release|Win32
		{AEAF0E08-F9F6-4367-94AE-FE94DCC90467}.Debug|Any CPU.ActiveCfg = Debug|Win32
		{AEAF0E08-F9F6-4367-94AE-FE94DCC90467}.Debug|x64.ActiveCfg = Debug|x64
		{AEAF0E08-F9F6-4367-94AE-FE94DCC90467}.Debug|x64.Build.0 = Debug|x64
		{AEAF0E08-F9F6-4367-94AE-FE94DCC90467}.Debug|x86.ActiveCfg = Debug|Win32
		{AEAF0E08-F9F6-4367-94AE-FE94DCC90467}.Debug|x86.Build.0 = Debug|Win32
		{AEAF0E08-F9F6-4367-94AE-FE94DCC90467}.Release|Any CPU.ActiveCfg = Release|Win32
		{AEAF0E08-F9F6-4367-94AE-FE94DCC90467}.Release|x64.ActiveCfg = Release|x64
		{AEAF0E08-F9F6-4367-94AE-FE94DCC90467}.Release|x64.Build.0 = Release|x64
		{AEAF0E08-F9F6-4367-94AE-FE94DCC90467}.Release|x86.ActiveCfg = Release|Win32
		{AEAF0E08-F9F6-4367-94AE-FE94DCC90467}.Release|x86.Build.0 = Release|Win32
		{85615E6B-8558-4B32-963A-3AA7D16A5085}.Debug|Any CPU.ActiveCfg = Debug|Win32
		{85615E6B-8558-4B32-963A-3AA7D16A5085}.Debug|x64.ActiveCfg = Debug|x64
		{85615E6B-8558-4B32-963A-3AA7D16A5085}.Debug|x64.Build.0 = Debug|x64
		{85615E6B-8558-4B32-963A-3AA7D16A5085}.Debug|x86.ActiveCfg = Debug|Win32
		{85615E6B-8558-4B32-963A-3AA7D16A5085}.Debug|x86.Build.0 = Debug|Win32
		{85615E6B-8558-4B32-963A-3AA7D16A5085}.Release|Any CPU.ActiveCfg = Release|Win32
		{85615E6B-8558-4B32-963A-3AA7D16A5085}.Release|x64.ActiveCfg = Release|x64
		{85615E6B-8558-4B32-963A-3AA7D16A5085}.Release|x64.Build.0 = Release|x64
		{85615E6B-8558-4B32-963A-3AA7D16A5085}.Release|x86.ActiveCfg = Release|Win32
		{85615E6B-8558-4B32-963A-3AA7D16A5085}.Release|x86.Build.0 = Release|Win32
		{B22D232E-298E-43EB-9CDC-0E8060E0AE3E}.Debug|Any CPU.ActiveCfg = Debug|Win32
		{B22D232E-298E-43EB-9CDC-0E8060E0AE3E}.Debug|x64.ActiveCfg = Debug|x64
		{B22D232E-298E-43EB-9CDC-0E8060E0AE3E}.Debug|x64.Build.0 = Debug|x64
		{B22D232E-298E-43EB-9CDC-0E8060E0AE3E}.Debug|x86.ActiveCfg = Debug|Win32
		{B22D232E-298E-43EB-9CDC-0E8060E0AE3E}.Debug|x86.Build.0 = Debug|Win32
		{B22D232E-298E-43EB-9CDC-0E8060E0AE3E}.Release|Any CPU.ActiveCfg = Release|Win32
		{B22D232E-298E-43EB-9CDC-0E8060E0AE3E}.Release|x64.ActiveCfg = Release|x64
		{B22D232E-298E-43EB-9CDC-0E8060E0AE3E}.Release|x64.Build.0 = Release|x64
		{B22D232E-298E-43EB-9CDC-0E8060E0AE3E}.Release|x86.ActiveCfg = Release|Win32
		{B22D232E-298E-43EB-9CDC-0E8060E0AE3E}.Release|x86.Build.0 = Release|Win32
		{F9E900E2-0996-4F7F-9B67-D153669FE3A0}.Debug|Any CPU.ActiveCfg = Debug|Win32
		{F9E900E2-0996-4F7F-9B67-D153669FE3A0}.Debug|x64.ActiveCfg = Debug|x64
		{F9E900E2-0996-4F7F-9B67-D153669FE3A0}.Debug|x64.Build.0 = Debug|x64
		{F9E900E2-0996-4F7F-9B67-D153669FE3A0}.Debug|x86.ActiveCfg = Debug|Win32
		{F9E900E2-0996-4F7F-9B67-D153669FE3A0}.Debug|x86.Build.0 = Debug|Win32
		{F9E900E2-0996-4F7F-9B67-D153669FE3A0}.Release|Any CPU.ActiveCfg = Release|Win32
		{F9E900E2-0996-4F7F-9B67-D153669FE3A0}.Release|x64.ActiveCfg = Release|x64
		{F9E900E2-0996-4F7F-9B67-D153669FE3A0}.Release|x64.Build.0 = Release|x64
		{F9E900E2-0996-4F7F-9B67-D153669FE3A0}.Release|x86.ActiveCfg = Release|Win32
		{F9E900E2-0996-4F7F-9B67-D153669FE3A0}.Release|x86.Build.0 = Release|Win32
		{5BD6BF81-6B7D-44DB-BCCD-74C735D24867}.Debug|Any CPU.ActiveCfg = Debug|Win32
		{5BD6BF81-6B7D-44DB-BCCD-74C735D24867}.Debug|x64.ActiveCfg = Debug|x64
		{5BD6BF81-6B7D-44DB-BCCD-74C735D24867}.Debug|x64.Build.0 = Debug|x64
		{5BD6BF81-6B7D-44DB-BCCD-74C735D24867}.Debug|x86.ActiveCfg = Debug|Win32
		{5BD6BF81-6B7D-44DB-BCCD-74C735D24867}.Debug|x86.Build.0 = Debug|Win32
		{5BD6BF81-6B7D-44DB-BCCD-74C735D24867}.Release|Any CPU.ActiveCfg = Release|Win32
		{5BD6BF81-6B7D-44DB-BCCD-74C735D24867}.Release|x64.ActiveCfg = Release|x64
		{5BD6BF81-6B7D-44DB-BCCD-74C735D24867}.Release|x64.Build.0 = Release|x64
		{5BD6BF81-6B7D-44DB-BCCD-74C735D24867}.Release|x86.ActiveCfg = Release|Win32
		{5BD6BF81-6B7D-44DB-BCCD-74C735D24867}.Release|x86.Build.0 = Release|Win32
		{9E4EA8EC-F616-4471-8940-E805C3E34FE4}.Debug|Any CPU.ActiveCfg = Debug|Win32
		{9E4EA8EC-F616-4471-8940-E805C3E34FE4}.Debug|x64.ActiveCfg = Debug|x64
		{9E4EA8EC-F616-4471-8940-E805C3E34FE4}.Debug|x64.Build.0 = Debug|x64
		{9E4EA8EC-F616-4471-8940-E805C3E34FE4}.Debug|x86.ActiveCfg = Debug|Win32
		{9E4EA8EC-F616-4471-8940-E805C3E34FE4}.Debug|x86.Build.0 = Debug|Win32
		{9E4EA8EC-F616-4471-8940-E805C3E34FE4}.Release|Any CPU.ActiveCfg = Release|Win32
		{9E4EA8EC-F616-4471-8940-E805C3E34FE4}.Release|x64.ActiveCfg = Release|x64
		{9E4EA8EC-F616-4471-8940-E805C3E34FE4}.Release|x64.Build.0 = Release|x64
		{9E4EA8EC-F616-4471-8940-E805C3E34FE4}.Release|x86.ActiveCfg = Release|Win32
		{9E4EA8EC-F616-4471-8940-E805C3E34FE4}.Release|x86.Build.0 = Release|Win32
		{C84DAA3F-3F2B-4F3F-84CC-2CC0A322C17D}.Debug|Any CPU.ActiveCfg = Debug|Win32
		{C84DAA3F-3F2B-4F3F-84CC-2CC0A322C17D}.Debug|x64.ActiveCfg = Debug|x64
		{C84DAA3F-3F2B-4F3F-84CC-2CC0A322C17D}.Debug|x64.Build.0 = Debug|x64
		{C84DAA3F-3F2B-4F3F-84CC-2CC0A322C17D}.Debug|x86.ActiveCfg = Debug|Win32
		{C84DAA3F-3F2B-4F3F-84CC-2CC0A322C17D}.Debug|x86.Build.0 = Debug|Win32
		{C84DAA3F-3F2B-4F3F-84CC-2CC0A322C17D}.Release|Any CPU.ActiveCfg = Release|Win32
		{C84DAA3F-3F2B-4F3F-84CC-2CC0A322C17D}.Release|x64.ActiveCfg = Release|x64
		{C84DAA3F-3F2B-4F3F-84CC-2CC0A322C17D}.Release|x64.Build.0 = Release|x64
		{C84DAA3F-3F2B-4F3F-84CC-2CC0A322C17D}.Release|x86.ActiveCfg = Release|Win32
		{C84DAA3F-3F2B-4F3F-84CC-2CC0A322C17D}.Release|x86.Build.0 = Release|Win32
		{A6CD79A8-1999-4D85-BB63-70BC01100EB3}.Debug|Any CPU.ActiveCfg = Debug|Win32
		{A6CD79A8-1999-4D85-BB63-70BC01100EB3}.Debug|x64.ActiveCfg = Debug|x64
		{A6CD79A8-1999-4D85-BB63-70BC01100EB3}.Debug|x64.Build.0 = Debug|x64
		{A6CD79A8-1999-4D85-BB63-70BC01100EB3}.Debug|x86.ActiveCfg = Debug|Win32
		{A6CD79A8-1999-4D85-BB63-70BC01100EB3}.Debug|x86.Build.0 = Debug|Win32
		{A6CD79A8-1999-4D85-BB63-70BC01100EB3}.Release|Any CPU.ActiveCfg = Release|Win32
		{A6CD79A8-1999-4D85-BB63-70BC01100EB3}.Release|x64.ActiveCfg = Release|x64
		{A6CD79A8-1999-4D85-BB63-70BC01100EB3}.Release|x64.Build.0 = Release|x64
		{A6CD79A8-1999-4D85-BB63-70BC01100EB3}.Release|x86.ActiveCfg = Release|Win32
		{A6CD79A8-1999-4D85-BB63-70BC01100EB3}.Release|x86.Build.0 = Release|Win32
		{F8C90346-D81B-4F8E-AD49-6DB0FCBC8885}.Debug|Any CPU.ActiveCfg = Debug|Win32
		{F8C90346-D81B-4F8E-AD49-6DB0FCBC8885}.Debug|x64.ActiveCfg = Debug|x64
		{F8C90346-D81B-4F8E-AD49-6DB0FCBC8885}.Debug|x64.Build.0 = Debug|x64
		{F8C90346-D81B-4F8E-AD49-6DB0FCBC8885}.Debug|x86.ActiveCfg = Debug|Win32
		{F8C90346-D81B-4F8E-AD49-6DB0FCBC8885}.Debug|x86.Build.0 = Debug|Win32
		{F8C90346-D81B-4F8E-AD49-6DB0FCBC8885}.Release|Any CPU.ActiveCfg = Release|Win32
		{F8C90346-D81B-4F8E-AD49-6DB0FCBC8885}.Release|x64.ActiveCfg = Release|x64
		{F8C90346-D81B-4F8E-AD49-6DB0FCBC8885}.Release|x64.Build.0 = Release|x64
		{F8C90346-D81B-4F8E-AD49-6DB0FCBC8885}.Release|x86.ActiveCfg = Release|Win32
		{F8C90346-D81B-4F8E-AD49-6DB0FCBC8885}.Release|x86.Build.0 = Release|Win32
		{C3C69338-9155-41F4-88C5-0E81BC44F189}.Debug|Any CPU.ActiveCfg = Debug|Win32
		{C3C69338-9155-41F4-88C5-0E81BC44F189}.Debug|x64.ActiveCfg = Debug|x64
		{C3C69338-9155-41F4-88C5-0E81BC44F189}.Debug|x64.Build.0 = Debug|x64
		{C3C69338-9155-41F4-88C5-0E81BC44F189}.Debug|x86.ActiveCfg = Debug|Win32
		{C3C69338-9155-41F4-88C5-0E81BC44F189}.Debug|x86.Build.0 = Debug|Win32
		{C3C69338-9155-41F4-88C5-0E81BC44F189}.Release|Any CPU.ActiveCfg = Release|Win32
		{C3C69338-9155-41F4-88C5-0E81BC44F189}.Release|x64.ActiveCfg = Release|x64
		{C3C69338-9155-41F4-88C5-0E81BC44F189}.Release|x64.Build.0 = Release|x64
		{C3C69338-9155-41F4-88C5-0E81BC44F189}.Release|x86.ActiveCfg = Release|Win32
		{C3C69338-9155-41F4-88C5-0E81BC44F189}.Release|x86.Build.0 = Release|Win32
		{2B1195A6-625E-4789-A956-A77E824B10B9}.Debug|Any CPU.ActiveCfg = Debug|Win32
		{2B1195A6-625E-4789-A956-A77E824B10B9}.Debug|x64.ActiveCfg = Debug|x64
		{2B1195A6-625E-4789-A956-A77E824B10B9}.Debug|x64.Build.0 = Debug|x64
		{2B1195A6-625E-4789-A956-A77E824B10B9}.Debug|x86.ActiveCfg = Debug|Win32
		{2B1195A6-625E-4789-A956-A77E824B10B9}.Debug|x86.Build.0 = Debug|Win32
		{2B1195A6-625E-4789-A956-A77E824B10B9}.Release|Any CPU.ActiveCfg = Release|Win32
		{2B1195A6-625E-4789-A956-A77E824B10B9}.Release|x64.ActiveCfg = Release|x64
		{2B1195A6-625E-4789-A956-A77E824B10B9}.Release|x64.Build.0 = Release|x64
		{2B1195A6-625E-4789-A956-A77E824B10B9}.Release|x86.ActiveCfg = Release|Win32
		{2B1195A6-625E-4789-A956-A77E824B10B9}.Release|x86.Build.0 = Release|Win32
		{3C8F7B49-E64F-41F2-BA1E-EDAF709D9D7E}.Debug|Any CPU.ActiveCfg = Debug|Win32
		{3C8F7B49-E64F-41F2-BA1E-EDAF709D9D7E}.Debug|x64.ActiveCfg = Debug|x64
		{3C8F7B49-E64F-41F2-BA1E-EDAF709D9D7E}.Debug|x64.Build.0 = Debug|x64
		{3C8F7B49-E64F-41F2-BA1E-EDAF709D9D7E}.Debug|x86.ActiveCfg = Debug|Win32
		{3C8F7B49-E64F-41F2-BA1E-EDAF709D9D7E}.Debug|x86.Build.0 = Debug|Win32
		{3C8F7B49-E64F-41F2-BA1E-EDAF709D9D7E}.Release|Any CPU.ActiveCfg = Release|Win32
		{3C8F7B49-E64F-41F2-BA1E-EDAF709D9D7E}.Release|x64.ActiveCfg = Release|x64
		{3C8F7B49-E64F-41F2-BA1E-EDAF709D9D7E}.Release|x64.Build.0 = Release|x64
		{3C8F7B49-E64F-41F2-BA1E-EDAF709D9D7E}.Release|x86.ActiveCfg = Release|Win32
		{3C8F7B49-E64F-41F2-BA1E-EDAF709D9D7E}.Release|x86.Build.0 = Release|Win32
		{E2BE3DD5-09A1-4998-86AB-C2EF455C944D}.Debug|Any CPU.ActiveCfg = Debug|Win32
		{E2BE3DD5-09A1-4998-86AB-C2EF455C944D}.Debug|x64.ActiveCfg = Debug|x64
		{E2BE3DD5-09A1-4998-86AB-C2EF455C944D}.Debug|x64.Build.0 = Debug|x64
		{E2BE3DD5-09A1-4998-86AB-C2EF455C944D}.Debug|x86.ActiveCfg = Debug|Win32
		{E2BE3DD5-09A1-4998-86AB-C2EF455C944D}.Debug|x86.Build.0 = Debug|Win32
		{E2BE3DD5-09A1-4998-86AB-C2EF455C944D}.Release|Any CPU.ActiveCfg = Release|Win32
		{E2BE3DD5-09A1-4998-86AB-C2EF455C944D}.Release|x64.ActiveCfg = Release|x64
		{E2BE3DD5-09A1-4998-86AB-C2EF455C944D}.Release|x64.Build.0 = Release|x64
		{E2BE3DD5-09A1-4998-86AB-C2EF455C944D}.Release|x86.ActiveCfg = Release|Win32
		{E2BE3DD5-09A1-4998-86AB-C2EF455C944D}.Release|x86.Build.0 = Release|Win32
		{AA70AC02-65FB-4EBC-9A93-A695C9706FB1}.Debug|Any CPU.ActiveCfg = Debug|Win32
		{AA70AC02-65FB-4EBC-9A93-A695C9706FB1}.Debug|x64.ActiveCfg = Debug|x64
		{AA70AC02-65FB-4EBC-9A93-A695C9706FB1}.Debug|x64.Build.0 = Debug|x64
		{AA70AC02-65FB-4EBC-9A93-A695C9706FB1}.Debug|x86.ActiveCfg = Debug|Win32
		{AA70AC02-65FB-4EBC-9A93-A695C9706FB1}.Debug|x86.Build.0 = Debug|Win32
		{AA70AC02-65FB-4EBC-9A93-A695C9706FB1}.Release|Any CPU.ActiveCfg = Release|Win32
		{AA70AC02-65FB-4EBC-9A93-A695C9706FB1}.Release|x64.ActiveCfg = Release|x64
		{AA70AC02-65FB-4EBC-9A93-A695C9706FB1}.Release|x64.Build.0 = Release|x64
		{AA70AC02-65FB-4EBC-9A93-A695C9706FB1}.Release|x86.ActiveCfg = Release|Win32
		{AA70AC02-65FB-4EBC-9A93-A695C9706FB1}.Release|x86.Build.0 = Release|Win32
		{A88B9176-8E45-42DA-9B28-A45E5D0E7DB4}.Debug|Any CPU.ActiveCfg = Debug|Win32
		{A88B9176-8E45-42DA-9B28-A45E5D0E7DB4}.Debug|x64.ActiveCfg = Debug|x64
		{A88B9176-8E45-42DA-9B28-A45E5D0E7DB4}.Debug|x64.Build.0 = Debug|x64
		{A88B9176-8E45-42DA-9B28-A45E5D0E7DB4}.Debug|x86.ActiveCfg = Debug|Win32
		{A88B9176-8E45-42DA-9B28-A45E5D0E7DB4}.Debug|x86.Build.0 = Debug|Win32
		{A88B9176-8E45-42DA-9B28-A45E5D0E7DB4}.Release|Any CPU.ActiveCfg = Release|Win32
		{A88B9176-8E45-42DA-9B28-A45E5D0E7DB4}.Release|x64.ActiveCfg = Release|x64
		{A88B9176-8E45-42DA-9B28-A45E5D0E7DB4}.Release|x64.Build.0 = Release|x64
		{A88B9176-8E45-42DA-9B28-A45E5D0E7DB4}.Release|x86.ActiveCfg = Release|Win32
		{A88B9176-8E45-42DA-9B28-A45E5D0E7DB4}.Release|x86.Build.0 = Release|Win32
		{EDFF60FE-8B3F-49B6-A4C1-DB2911FB08FB}.Debug|Any CPU.ActiveCfg = Debug|Win32
		{EDFF60FE-8B3F-49B6-A4C1-DB2911FB08FB}.Debug|x64.ActiveCfg = Debug|x64
		{EDFF60FE-8B3F-49B6-A4C1-DB2911FB08FB}.Debug|x64.Build.0 = Debug|x64
		{EDFF60FE-8B3F-49B6-A4C1-DB2911FB08FB}.Debug|x86.ActiveCfg = Debug|Win32
		{EDFF60FE-8B3F-49B6-A4C1-DB2911FB08FB}.Debug|x86.Build.0 = Debug|Win32
		{EDFF60FE-8B3F-49B6-A4C1-DB2911FB08FB}.Release|Any CPU.ActiveCfg = Release|Win32
		{EDFF60FE-8B3F-49B6-A4C1-DB2911FB08FB}.Release|x64.ActiveCfg = Release|x64
		{EDFF60FE-8B3F-49B6-A4C1-DB2911FB08FB}.Release|x64.Build.0 = Release|x64
		{EDFF60FE-8B3F-49B6-A4C1-DB2911FB08FB}.Release|x86.ActiveCfg = Release|Win32
		{EDFF60FE-8B3F-49B6-A4C1-DB2911FB08FB}.Release|x86.Build.0 = Release|Win32
		{F33DFA89-4E24-4549-A17E-AADF049E94F1}.Debug|Any CPU.ActiveCfg = Debug|Win32
		{F33DFA89-4E24-4549-A17E-AADF049E94F1}.Debug|x64.ActiveCfg = Debug|x64
		{F33DFA89-4E24-4549-A17E-AADF049E94F1}.Debug|x64.Build.0 = Debug|x64
		{F33DFA89-4E24-4549-A17E-AADF049E94F1}.Debug|x86.ActiveCfg = Debug|Win32
		{F33DFA89-4E24-4549-A17E-AADF049E94F1}.Debug|x86.Build.0 = Debug|Win32
		{F33DFA89-4E24-4549-A17E-AADF049E94F1}.Release|Any CPU.ActiveCfg = Release|Win32
		{F33DFA89-4E24-4549-A17E-AADF049E94F1}.Release|x64.ActiveCfg = Release|x64
		{F33DFA89-4E24-4549-A17E-AADF049E94F1}.Release|x64.Build.0 = Release|x64
		{F33DFA89-4E24-4549-A17E-AADF049E94F1}.Release|x86.ActiveCfg = Release|Win32
		{F33DFA89-4E24-4549-A17E-AADF049E94F1}.Release|x86.Build.0 = Release|Win32
		{001F0610-839B-4833-915E-AC7FCDB90EC1}.Debug|Any CPU.ActiveCfg = Debug|Win32
		{001F0610-839B-4833-915E-AC7FCDB90EC1}.Debug|x64.ActiveCfg = Debug|x64
		{001F0610-839B-4833-915E-AC7FCDB90EC1}.Debug|x64.Build.0 = Debug|x64
		{001F0610-839B-4833-915E-AC7FCDB90EC1}.Debug|x86.ActiveCfg = Debug|Win32
		{001F0610-839B-4833-915E-AC7FCDB90EC1}.Debug|x86.Build.0 = Debug|Win32
		{001F0610-839B-4833-915E-AC7FCDB90EC1}.Release|Any CPU.ActiveCfg = Release|Win32
		{001F0610-839B-4833-915E-AC7FCDB90EC1}.Release|x64.ActiveCfg = Release|x64
		{001F0610-839B-4833-915E-AC7FCDB90EC1}.Release|x64.Build.0 = Release|x64
		{001F0610-839B-4833-915E-AC7FCDB90EC1}.Release|x86.ActiveCfg = Release|Win32
		{001F0610-839B-4833-915E-AC7FCDB90EC1}.Release|x86.Build.0 = Release|Win32
		{375D4DFB-3FA3-4FAB-89C2-57DC38E5E53B}.Debug|Any CPU.ActiveCfg = Debug|Win32
		{375D4DFB-3FA3-4FAB-89C2-57DC38E5E53B}.Debug|x64.ActiveCfg = Debug|x64
		{375D4DFB-3FA3-4FAB-89C2-57DC38E5E53B}.Debug|x64.Build.0 = Debug|x64
		{375D4DFB-3FA3-4FAB-89C2-57DC38E5E53B}.Debug|x86.ActiveCfg = Debug|Win32
		{375D4DFB-3FA3-4FAB-89C2-57DC38E5E53B}.Debug|x86.Build.0 = Debug|Win32
		{375D4DFB-3FA3-4FAB-89C2-57DC38E5E53B}.Release|Any CPU.ActiveCfg = Release|Win32
		{375D4DFB-3FA3-4FAB-89C2-57DC38E5E53B}.Release|x64.ActiveCfg = Release|x64
		{375D4DFB-3FA3-4FAB-89C2-57DC38E5E53B}.Release|x64.Build.0 = Release|x64
		{375D4DFB-3FA3-4FAB-89C2-57DC38E5E53B}.Release|x86.ActiveCfg = Release|Win32
		{375D4DFB-3FA3-4FAB-89C2-57DC38E5E53B}.Release|x86.Build.0 = Release|Win32
		{C3BD41E8-48FC-48E4-AB71-931E3D33B57E}.Debug|Any CPU.ActiveCfg = Debug|Win32
		{C3BD41E8-48FC-48E4-AB71-931E3D33B57E}.Debug|x64.ActiveCfg = Debug|x64
		{C3BD41E8-48FC-48E4-AB71-931E3D33B57E}.Debug|x64.Build.0 = Debug|x64
		{C3BD41E8-48FC-48E4-AB71-931E3D33B57E}.Debug|x86.ActiveCfg = Debug|Win32
		{C3BD41E8-48FC-48E4-AB71-931E3D33B57E}.Debug|x86.Build.0 = Debug|Win32
		{C3BD41E8-48FC-48E4-AB71-931E3D33B57E}.Release|Any CPU.ActiveCfg = Release|Win32
		{C3BD41E8-48FC-48E4-AB71-931E3D33B57E}.Release|x64.ActiveCfg = Release|x64
		{C3BD41E8-48FC-48E4-AB71-931E3D33B57E}.Release|x64.Build.0 = Release|x64
		{C3BD41E8-48FC-48E4-AB71-931E3D33B57E}.Release|x86.ActiveCfg = Release|Win32
		{C3BD41E8-48FC-48E4-AB71-931E3D33B57E}.Release|x86.Build.0 = Release|Win32
		{E8094A23-7C61-493E-AFFC-62C6967AF377}.Debug|Any CPU.ActiveCfg = Debug|Win32
		{E8094A23-7C61-493E-AFFC-62C6967AF377}.Debug|x64.ActiveCfg = Debug|x64
		{E8094A23-7C61-493E-AFFC-62C6967AF377}.Debug|x64.Build.0 = Debug|x64
		{E8094A23-7C61-493E-AFFC-62C6967AF377}.Debug|x86.ActiveCfg = Debug|Win32
		{E8094A23-7C61-493E-AFFC-62C6967AF377}.Debug|x86.Build.0 = Debug|Win32
		{E8094A23-7C61-493E-AFFC-62C6967AF377}.Release|Any CPU.ActiveCfg = Release|Win32
		{E8094A23-7C61-493E-AFFC-62C6967AF377}.Release|x64.ActiveCfg = Release|x64
		{E8094A23-7C61-493E-AFFC-62C6967AF377}.Release|x64.Build.0 = Release|x64
		{E8094A23-7C61-493E-AFFC-62C6967AF377}.Release|x86.ActiveCfg = Release|Win32
		{E8094A23-7C61-493E-AFFC-62C6967AF377}.Release|x86.Build.0 = Release|Win32
		{FE82BDAF-5720-4ED9-8AD8-DFF1A23DA4F3}.Debug|Any CPU.ActiveCfg = Debug|Win32
		{FE82BDAF-5720-4ED9-8AD8-DFF1A23DA4F3}.Debug|x64.ActiveCfg = Debug|x64
		{FE82BDAF-5720-4ED9-8AD8-DFF1A23DA4F3}.Debug|x64.Build.0 = Debug|x64
		{FE82BDAF-5720-4ED9-8AD8-DFF1A23DA4F3}.Debug|x86.ActiveCfg = Debug|Win32
		{FE82BDAF-5720-4ED9-8AD8-DFF1A23DA4F3}.Debug|x86.Build.0 = Debug|Win32
		{FE82BDAF-5720-4ED9-8AD8-DFF1A23DA4F3}.Release|Any CPU.ActiveCfg = Release|Win32
		{FE82BDAF-5720-4ED9-8AD8-DFF1A23DA4F3}.Release|x64.ActiveCfg = Release|x64
		{FE82BDAF-5720-4ED9-8AD8-DFF1A23DA4F3}.Release|x64.Build.0 = Release|x64
		{FE82BDAF-5720-4ED9-8AD8-DFF1A23DA4F3}.Release|x86.ActiveCfg = Release|Win32
		{FE82BDAF-5720-4ED9-8AD8-DFF1A23DA4F3}.Release|x86.Build.0 = Release|Win32
		{40860395-0D79-42F1-82AC-9B5EAB9891C0}.Debug|Any CPU.ActiveCfg = Debug|Win32
		{40860395-0D79-42F1-82AC-9B5EAB9891C0}.Debug|x64.ActiveCfg = Debug|x64
		{40860395-0D79-42F1-82AC-9B5EAB9891C0}.Debug|x64.Build.0 = Debug|x64
		{40860395-0D79-42F1-82AC-9B5EAB9891C0}.Debug|x86.ActiveCfg = Debug|Win32
		{40860395-0D79-42F1-82AC-9B5EAB9891C0}.Debug|x86.Build.0 = Debug|Win32
		{40860395-0D79-42F1-82AC-9B5EAB9891C0}.Release|Any CPU.ActiveCfg = Release|Win32
		{40860395-0D79-42F1-82AC-9B5EAB9891C0}.Release|x64.ActiveCfg = Release|x64
		{40860395-0D79-42F1-82AC-9B5EAB9891C0}.Release|x64.Build.0 = Release|x64
		{40860395-0D79-42F1-82AC-9B5EAB9891C0}.Release|x86.ActiveCfg = Release|Win32
		{40860395-0D79-42F1-82AC-9B5EAB9891C0}.Release|x86.Build.0 = Release|Win32
		{ED55430D-18D0-4CDC-A7DF-00AFE85BE2C5}.Debug|Any CPU.ActiveCfg = Debug|Win32
		{ED55430D-18D0-4CDC-A7DF-00AFE85BE2C5}.Debug|x64.ActiveCfg = Debug|x64
		{ED55430D-18D0-4CDC-A7DF-00AFE85BE2C5}.Debug|x64.Build.0 = Debug|x64
		{ED55430D-18D0-4CDC-A7DF-00AFE85BE2C5}.Debug|x86.ActiveCfg = Debug|Win32
		{ED55430D-18D0-4CDC-A7DF-00AFE85BE2C5}.Debug|x86.Build.0 = Debug|Win32
		{ED55430D-18D0-4CDC-A7DF-00AFE85BE2C5}.Release|Any CPU.ActiveCfg = Release|Win32
		{ED55430D-18D0-4CDC-A7DF-00AFE85BE2C5}.Release|x64.ActiveCfg = Release|x64
		{ED55430D-18D0-4CDC-A7DF-00AFE85BE2C5}.Release|x64.Build.0 = Release|x64
		{ED55430D-18D0-4CDC-A7DF-00AFE85BE2C5}.Release|x86.ActiveCfg = Release|Win32
		{ED55430D-18D0-4CDC-A7DF-00AFE85BE2C5}.Release|x86.Build.0 = Release|Win32
		{614B9727-D86B-43A1-8E1B-06C88D149BDB}.Debug|Any CPU.ActiveCfg = Debug|Win32
		{614B9727-D86B-43A1-8E1B-06C88D149BDB}.Debug|x64.ActiveCfg = Debug|x64
		{614B9727-D86B-43A1-8E1B-06C88D149BDB}.Debug|x64.Build.0 = Debug|x64
		{614B9727-D86B-43A1-8E1B-06C88D149BDB}.Debug|x86.ActiveCfg = Debug|Win32
		{614B9727-D86B-43A1-8E1B-06C88D149BDB}.Debug|x86.Build.0 = Debug|Win32
		{614B9727-D86B-43A1-8E1B-06C88D149BDB}.Release|Any CPU.ActiveCfg = Release|Win32
		{614B9727-D86B-43A1-8E1B-06C88D149BDB}.Release|x64.ActiveCfg = Release|x64
		{614B9727-D86B-43A1-8E1B-06C88D149BDB}.Release|x64.Build.0 = Release|x64
		{614B9727-D86B-43A1-8E1B-06C88D149BDB}.Release|x86.ActiveCfg = Release|Win32
		{614B9727-D86B-43A1-8E1B-06C88D149BDB}.Release|x86.Build.0 = Release|Win32
		{0B637934-C1BD-4C50-8B4F-DFCF3E5212AB}.Debug|Any CPU.ActiveCfg = Debug|Win32
		{0B637934-C1BD-4C50-8B4F-DFCF3E5212AB}.Debug|x64.ActiveCfg = Debug|x64
		{0B637934-C1BD-4C50-8B4F-DFCF3E5212AB}.Debug|x64.Build.0 = Debug|x64
		{0B637934-C1BD-4C50-8B4F-DFCF3E5212AB}.Debug|x86.ActiveCfg = Debug|Win32
		{0B637934-C1BD-4C50-8B4F-DFCF3E5212AB}.Debug|x86.Build.0 = Debug|Win32
		{0B637934-C1BD-4C50-8B4F-DFCF3E5212AB}.Release|Any CPU.ActiveCfg = Release|Win32
		{0B637934-C1BD-4C50-8B4F-DFCF3E5212AB}.Release|x64.ActiveCfg = Release|x64
		{0B637934-C1BD-4C50-8B4F-DFCF3E5212AB}.Release|x64.Build.0 = Release|x64
		{0B637934-C1BD-4C50-8B4F-DFCF3E5212AB}.Release|x86.ActiveCfg = Release|Win32
		{0B637934-C1BD-4C50-8B4F-DFCF3E5212AB}.Release|x86.Build.0 = Release|Win32
		{601E475B-999D-48F5-B530-180A180208AA}.Debug|Any CPU.ActiveCfg = Debug|Win32
		{601E475B-999D-48F5-B530-180A180208AA}.Debug|x64.ActiveCfg = Debug|x64
		{601E475B-999D-48F5-B530-180A180208AA}.Debug|x64.Build.0 = Debug|x64
		{601E475B-999D-48F5-B530-180A180208AA}.Debug|x86.ActiveCfg = Debug|Win32
		{601E475B-999D-48F5-B530-180A180208AA}.Debug|x86.Build.0 = Debug|Win32
		{601E475B-999D-48F5-B530-180A180208AA}.Release|Any CPU.ActiveCfg = Release|Win32
		{601E475B-999D-48F5-B530-180A180208AA}.Release|x64.ActiveCfg = Release|x64
		{601E475B-999D-48F5-B530-180A180208AA}.Release|x64.Build.0 = Release|x64
		{601E475B-999D-48F5-B530-180A180208AA}.Release|x86.ActiveCfg = Release|Win32
		{601E475B-999D-48F5-B530-180A180208AA}.Release|x86.Build.0 = Release|Win32
		{1B3B2A90-E66E-468B-BE2D-558889BE4CE2}.Debug|Any CPU.ActiveCfg = Debug|Win32
		{1B3B2A90-E66E-468B-BE2D-558889BE4CE2}.Debug|x64.ActiveCfg = Debug|x64
		{1B3B2A90-E66E-468B-BE2D-558889BE4CE2}.Debug|x64.Build.0 = Debug|x64
		{1B3B2A90-E66E-468B-BE2D-558889BE4CE2}.Debug|x86.ActiveCfg = Debug|Win32
		{1B3B2A90-E66E-468B-BE2D-558889BE4CE2}.Debug|x86.Build.0 = Debug|Win32
		{1B3B2A90-E66E-468B-BE2D-558889BE4CE2}.Release|Any CPU.ActiveCfg = Release|Win32
		{1B3B2A90-E66E-468B-BE2D-558889BE4CE2}.Release|x64.ActiveCfg = Release|x64
		{1B3B2A90-E66E-468B-BE2D-558889BE4CE2}.Release|x64.Build.0 = Release|x64
		{1B3B2A90-E66E-468B-BE2D-558889BE4CE2}.Release|x86.ActiveCfg = Release|Win32
		{1B3B2A90-E66E-468B-BE2D-558889BE4CE2}.Release|x86.Build.0 = Release|Win32
		{A3EB5D0F-69F1-41D4-B0BE-616F1B744C65}.Debug|Any CPU.ActiveCfg = Debug|Win32
		{A3EB5D0F-69F1-41D4-B0BE-616F1B744C65}.Debug|x64.ActiveCfg = Debug|x64
		{A3EB5D0F-69F1-41D4-B0BE-616F1B744C65}.Debug|x64.Build.0 = Debug|x64
		{A3EB5D0F-69F1-41D4-B0BE-616F1B744C65}.Debug|x86.ActiveCfg = Debug|Win32
		{A3EB5D0F-69F1-41D4-B0BE-616F1B744C65}.Debug|x86.Build.0 = Debug|Win32
		{A3EB5D0F-69F1-41D4-B0BE-616F1B744C65}.Release|Any CPU.ActiveCfg = Release|Win32
		{A3EB5D0F-69F1-41D4-B0BE-616F1B744C65}.Release|x64.ActiveCfg = Release|x64
		{A3EB5D0F-69F1-41D4-B0BE-616F1B744C65}.Release|x64.Build.0 = Release|x64
		{A3EB5D0F-69F1-41D4-B0BE-616F1B744C65}.Release|x86.ActiveCfg = Release|Win32
		{A3EB5D0F-69F1-41D4-B0BE-616F1B744C65}.Release|x86.Build.0 = Release|Win32
		{6B304BA6-199F-4028-98CF-2C5B2A576ED4}.Debug|Any CPU.ActiveCfg = Debug|Win32
		{6B304BA6-199F-4028-98CF-2C5B2A576ED4}.Debug|x64.ActiveCfg = Debug|x64
		{6B304BA6-199F-4028-98CF-2C5B2A576ED4}.Debug|x64.Build.0 = Debug|x64
		{6B304BA6-199F-4028-98CF-2C5B2A576ED4}.Debug|x86.ActiveCfg = Debug|Win32
		{6B304BA6-199F-4028-98CF-2C5B2A576ED4}.Debug|x86.Build.0 = Debug|Win32
		{6B304BA6-199F-4028-98CF-2C5B2A576ED4}.Release|Any CPU.ActiveCfg = Release|Win32
		{6B304BA6-199F-4028-98CF-2C5B2A576ED4}.Release|x64.ActiveCfg = Release|x64
		{6B304BA6-199F-4028-98CF-2C5B2A576ED4}.Release|x64.Build.0 = Release|x64
		{6B304BA6-199F-4028-98CF-2C5B2A576ED4}.Release|x86.ActiveCfg = Release|Win32
		{6B304BA6-199F-4028-98CF-2C5B2A576ED4}.Release|x86.Build.0 = Release|Win32
		{7E4E8501-5042-4209-94A5-34F032B102AF}.Debug|Any CPU.ActiveCfg = Debug|Win32
		{7E4E8501-5042-4209-94A5-34F032B102AF}.Debug|x64.ActiveCfg = Debug|x64
		{7E4E8501-5042-4209-94A5-34F032B102AF}.Debug|x64.Build.0 = Debug|x64
		{7E4E8501-5042-4209-94A5-34F032B102AF}.Debug|x86.ActiveCfg = Debug|Win32
		{7E4E8501-5042-4209-94A5-34F032B102AF}.Debug|x86.Build.0 = Debug|Win32
		{7E4E8501-5042-4209-94A5-34F032B102AF}.Release|Any CPU.ActiveCfg = Release|Win32
		{7E4E8501-5042-4209-94A5-34F032B102AF}.Release|x64.ActiveCfg = Release|x64
		{7E4E8501-5042-4209-94A5-34F032B102AF}.Release|x64.Build.0 = Release|x64
		{7E4E8501-5042-4209-94A5-34F032B102AF}.Release|x86.ActiveCfg = Release|Win32
		{7E4E8501-5042-4209-94A5-34F032B102AF}.Release|x86.Build.0 = Release|Win32
		{2B647F02-7C19-4117-94DE-616D38B0F996}.Debug|Any CPU.ActiveCfg = Debug|Win32
		{2B647F02-7C19-4117-94DE-616D38B0F996}.Debug|x64.ActiveCfg = Debug|x64
		{2B647F02-7C19-4117-94DE-616D38B0F996}.Debug|x64.Build.0 = Debug|x64
		{2B647F02-7C19-4117-94DE-616D38B0F996}.Debug|x86.ActiveCfg = Debug|Win32
		{2B647F02-7C19-4117-94DE-616D38B0F996}.Debug|x86.Build.0 = Debug|Win32
		{2B647F02-7C19-4117-94DE-616D38B0F996}.Release|Any CPU.ActiveCfg = Release|Win32
		{2B647F02-7C19-4117-94DE-616D38B0F996}.Release|x64.ActiveCfg = Release|x64
		{2B647F02-7C19-4117-94DE-616D38B0F996}.Release|x64.Build.0 = Release|x64
		{2B647F02-7C19-4117-94DE-616D38B0F996}.Release|x86.ActiveCfg = Release|Win32
		{2B647F02-7C19-4117-94DE-616D38B0F996}.Release|x86.Build.0 = Release|Win32
		{4ED27DC8-C129-4A34-9F0B-D16F86A6571C}.Debug|Any CPU.ActiveCfg = Debug|Win32
		{4ED27DC8-C129-4A34-9F0B-D16F86A6571C}.Debug|x64.ActiveCfg = Debug|x64
		{4ED27DC8-C129-4A34-9F0B-D16F86A6571C}.Debug|x64.Build.0 = Debug|x64
		{4ED27DC8-C129-4A34-9F0B-D16F86A6571C}.Debug|x86.ActiveCfg = Debug|Win32
		{4ED27DC8-C129-4A34-9F0B-D16F86A6571C}.Debug|x86.Build.0 = Debug|Win32
		{4ED27DC8-C129-4A34-9F0B-D16F86A6571C}.Release|Any CPU.ActiveCfg = Release|Win32
		{4ED27DC8-C129-4A34-9F0B-D16F86A6571C}.Release|x64.ActiveCfg = Release|x64
		{4ED27DC8-C129-4A34-9F0B-D16F86A6571C}.Release|x64.Build.0 = Release|x64
		{4ED27DC8-C129-4A34-9F0B-D16F86A6571C}.Release|x86.ActiveCfg = Release|Win32
		{4ED27DC8-C129-4A34-9F0B-D16F86A6571C}.Release|x86.Build.0 = Release|Win32
		{BA68D071-DEF0-4B8F-93F5-F9301ADEDB03}.Debug|Any CPU.ActiveCfg = Debug|Win32
		{BA68D071-DEF0-4B8F-93F5-F9301ADEDB03}.Debug|x64.ActiveCfg = Debug|x64
		{BA68D071-DEF0-4B8F-93F5-F9301ADEDB03}.Debug|x64.Build.0 = Debug|x64
		{BA68D071-DEF0-4B8F-93F5-F9301ADEDB03}.Debug|x86.ActiveCfg = Debug|Win32
		{BA68D071-DEF0-4B8F-93F5-F9301ADEDB03}.Debug|x86.Build.0 = Debug|Win32
		{BA68D071-DEF0-4B8F-93F5-F9301ADEDB03}.Release|Any CPU.ActiveCfg = Release|Win32
		{BA68D071-DEF0-4B8F-93F5-F9301ADEDB03}.Release|x64.ActiveCfg = Release|x64
		{BA68D071-DEF0-4B8F-93F5-F9301ADEDB03}.Release|x64.Build.0 = Release|x64
		{BA68D071-DEF0-4B8F-93F5-F9301ADEDB03}.Release|x86.ActiveCfg = Release|Win32
		{BA68D071-DEF0-4B8F-93F5-F9301ADEDB03}.Release|x86.Build.0 = Release|Win32
		{C32B3430-C9FA-46F1-A575-B92C671CB846}.Debug|Any CPU.ActiveCfg = Debug|Win32
		{C32B3430-C9FA-46F1-A575-B92C671CB846}.Debug|x64.ActiveCfg = Debug|x64
		{C32B3430-C9FA-46F1-A575-B92C671CB846}.Debug|x64.Build.0 = Debug|x64
		{C32B3430-C9FA-46F1-A575-B92C671CB846}.Debug|x86.ActiveCfg = Debug|Win32
		{C32B3430-C9FA-46F1-A575-B92C671CB846}.Debug|x86.Build.0 = Debug|Win32
		{C32B3430-C9FA-46F1-A575-B92C671CB846}.Release|Any CPU.ActiveCfg = Release|Win32
		{C32B3430-C9FA-46F1-A575-B92C671CB846}.Release|x64.ActiveCfg = Release|x64
		{C32B3430-C9FA-46F1-A575-B92C671CB846}.Release|x64.Build.0 = Release|x64
		{C32B3430-C9FA-46F1-A575-B92C671CB846}.Release|x86.ActiveCfg = Release|Win32
		{C32B3430-C9FA-46F1-A575-B92C671CB846}.Release|x86.Build.0 = Release|Win32
		{3AA1B5A3-840C-4A42-8CF7-ABD88E695FDC}.Debug|Any CPU.ActiveCfg = Debug|Win32
		{3AA1B5A3-840C-4A42-8CF7-ABD88E695FDC}.Debug|x64.ActiveCfg = Debug|x64
		{3AA1B5A3-840C-4A42-8CF7-ABD88E695FDC}.Debug|x64.Build.0 = Debug|x64
		{3AA1B5A3-840C-4A42-8CF7-ABD88E695FDC}.Debug|x86.ActiveCfg = Debug|Win32
		{3AA1B5A3-840C-4A42-8CF7-ABD88E695FDC}.Debug|x86.Build.0 = Debug|Win32
		{3AA1B5A3-840C-4A42-8CF7-ABD88E695FDC}.Release|Any CPU.ActiveCfg = Release|Win32
		{3AA1B5A3-840C-4A42-8CF7-ABD88E695FDC}.Release|x64.ActiveCfg = Release|x64
		{3AA1B5A3-840C-4A42-8CF7-ABD88E695FDC}.Release|x64.Build.0 = Release|x64
		{3AA1B5A3-840C-4A42-8CF7-ABD88E695FDC}.Release|x86.ActiveCfg = Release|Win32
		{3AA1B5A3-840C-4A42-8CF7-ABD88E695FDC}.Release|x86.Build.0 = Release|Win32
		{858E87A5-794A-4731-9CD9-482C6D6C3A22}.Debug|Any CPU.ActiveCfg = Debug|Win32
		{858E87A5-794A-4731-9CD9-482C6D6C3A22}.Debug|x64.ActiveCfg = Debug|x64
		{858E87A5-794A-4731-9CD9-482C6D6C3A22}.Debug|x64.Build.0 = Debug|x64
		{858E87A5-794A-4731-9CD9-482C6D6C3A22}.Debug|x86.ActiveCfg = Debug|Win32
		{858E87A5-794A-4731-9CD9-482C6D6C3A22}.Debug|x86.Build.0 = Debug|Win32
		{858E87A5-794A-4731-9CD9-482C6D6C3A22}.Release|Any CPU.ActiveCfg = Release|Win32
		{858E87A5-794A-4731-9CD9-482C6D6C3A22}.Release|x64.ActiveCfg = Release|x64
		{858E87A5-794A-4731-9CD9-482C6D6C3A22}.Release|x64.Build.0 = Release|x64
		{858E87A5-794A-4731-9CD9-482C6D6C3A22}.Release|x86.ActiveCfg = Release|Win32
		{858E87A5-794A-4731-9CD9-482C6D6C3A22}.Release|x86.Build.0 = Release|Win32
		{DE188BD9-9D1B-4CCF-A465-E41839C19C39}.Debug|Any CPU.ActiveCfg = Debug|Win32
		{DE188BD9-9D1B-4CCF-A465-E41839C19C39}.Debug|x64.ActiveCfg = Debug|x64
		{DE188BD9-9D1B-4CCF-A465-E41839C19C39}.Debug|x64.Build.0 = Debug|x64
		{DE188BD9-9D1B-4CCF-A465-E41839C19C39}.Debug|x86.ActiveCfg = Debug|Win32
		{DE188BD9-9D1B-4CCF-A465-E41839C19C39}.Debug|x86.Build.0 = Debug|Win32
		{DE188BD9-9D1B-4CCF-A465-E41839C19C39}.Release|Any CPU.ActiveCfg = Release|Win32
		{DE188BD9-9D1B-4CCF-A465-E41839C19C39}.Release|x64.ActiveCfg = Release|x64
		{DE188BD9-9D1B-4CCF-A465-E41839C19C39}.Release|x64.Build.0 = Release|x64
		{DE188BD9-9D1B-4CCF-A465-E41839C19C39}.Release|x86.ActiveCfg = Release|Win32
		{DE188BD9-9D1B-4CCF-A465-E41839C19C39}.Release|x86.Build.0 = Release|Win32
		{552C227E-1CB1-41E4-AD7B-A6BA9FB5B1F0}.Debug|Any CPU.ActiveCfg = Debug|Win32
		{552C227E-1CB1-41E4-AD7B-A6BA9FB5B1F0}.Debug|x64.ActiveCfg = Debug|x64
		{552C227E-1CB1-41E4-AD7B-A6BA9FB5B1F0}.Debug|x64.Build.0 = Debug|x64
		{552C227E-1CB1-41E4-AD7B-A6BA9FB5B1F0}.Debug|x86.ActiveCfg = Debug|Win32
		{552C227E-1CB1-41E4-AD7B-A6BA9FB5B1F0}.Debug|x86.Build.0 = Debug|Win32
		{552C227E-1CB1-41E4-AD7B-A6BA9FB5B1F0}.Release|Any CPU.ActiveCfg = Release|Win32
		{552C227E-1CB1-41E4-AD7B-A6BA9FB5B1F0}.Release|x64.ActiveCfg = Release|x64
		{552C227E-1CB1-41E4-AD7B-A6BA9FB5B1F0}.Release|x64.Build.0 = Release|x64
		{552C227E-1CB1-41E4-AD7B-A6BA9FB5B1F0}.Release|x86.ActiveCfg = Release|Win32
		{552C227E-1CB1-41E4-AD7B-A6BA9FB5B1F0}.Release|x86.Build.0 = Release|Win32
		{2C36F827-9632-4657-AE1D-5AE187CEDEE3}.Debug|Any CPU.ActiveCfg = Debug|Win32
		{2C36F827-9632-4657-AE1D-5AE187CEDEE3}.Debug|x64.ActiveCfg = Debug|x64
		{2C36F827-9632-4657-AE1D-5AE187CEDEE3}.Debug|x64.Build.0 = Debug|x64
		{2C36F827-9632-4657-AE1D-5AE187CEDEE3}.Debug|x86.ActiveCfg = Debug|Win32
		{2C36F827-9632-4657-AE1D-5AE187CEDEE3}.Debug|x86.Build.0 = Debug|Win32
		{2C36F827-9632-4657-AE1D-5AE187CEDEE3}.Release|Any CPU.ActiveCfg = Release|Win32
		{2C36F827-9632-4657-AE1D-5AE187CEDEE3}.Release|x64.ActiveCfg = Release|x64
		{2C36F827-9632-4657-AE1D-5AE187CEDEE3}.Release|x64.Build.0 = Release|x64
		{2C36F827-9632-4657-AE1D-5AE187CEDEE3}.Release|x86.ActiveCfg = Release|Win32
		{2C36F827-9632-4657-AE1D-5AE187CEDEE3}.Release|x86.Build.0 = Release|Win32
		{C0FE429A-9A79-48F9-BFA2-3AD1B7A744D0}.Debug|Any CPU.ActiveCfg = Debug|Win32
		{C0FE429A-9A79-48F9-BFA2-3AD1B7A744D0}.Debug|x64.ActiveCfg = Debug|x64
		{C0FE429A-9A79-48F9-BFA2-3AD1B7A744D0}.Debug|x64.Build.0 = Debug|x64
		{C0FE429A-9A79-48F9-BFA2-3AD1B7A744D0}.Debug|x86.ActiveCfg = Debug|Win32
		{C0FE429A-9A79-48F9-BFA2-3AD1B7A744D0}.Debug|x86.Build.0 = Debug|Win32
		{C0FE429A-9A79-48F9-BFA2-3AD1B7A744D0}.Release|Any CPU.ActiveCfg = Release|Win32
		{C0FE429A-9A79-48F9-BFA2-3AD1B7A744D0}.Release|x64.ActiveCfg = Release|x64
		{C0FE429A-9A79-48F9-BFA2-3AD1B7A744D0}.Release|x64.Build.0 = Release|x64
		{C0FE429A-9A79-48F9-BFA2-3AD1B7A744D0}.Release|x86.ActiveCfg = Release|Win32
		{C0FE429A-9A79-48F9-BFA2-3AD1B7A744D0}.Release|x86.Build.0 = Release|Win32
		{09D3B30D-7D9C-4FF4-91F8-7EF6373EFFE5}.Debug|Any CPU.ActiveCfg = Debug|Win32
		{09D3B30D-7D9C-4FF4-91F8-7EF6373EFFE5}.Debug|x64.ActiveCfg = Debug|x64
		{09D3B30D-7D9C-4FF4-91F8-7EF6373EFFE5}.Debug|x64.Build.0 = Debug|x64
		{09D3B30D-7D9C-4FF4-91F8-7EF6373EFFE5}.Debug|x86.ActiveCfg = Debug|Win32
		{09D3B30D-7D9C-4FF4-91F8-7EF6373EFFE5}.Debug|x86.Build.0 = Debug|Win32
		{09D3B30D-7D9C-4FF4-91F8-7EF6373EFFE5}.Release|Any CPU.ActiveCfg = Release|Win32
		{09D3B30D-7D9C-4FF4-91F8-7EF6373EFFE5}.Release|x64.ActiveCfg = Release|x64
		{09D3B30D-7D9C-4FF4-91F8-7EF6373EFFE5}.Release|x64.Build.0 = Release|x64
		{09D3B30D-7D9C-4FF4-91F8-7EF6373EFFE5}.Release|x86.ActiveCfg = Release|Win32
		{09D3B30D-7D9C-4FF4-91F8-7EF6373EFFE5}.Release|x86.Build.0 = Release|Win32
		{B42124BD-274F-432F-8D8C-37D45859DFA4}.Debug|Any CPU.ActiveCfg = Debug|Win32
		{B42124BD-274F-432F-8D8C-37D45859DFA4}.Debug|x64.ActiveCfg = Debug|x64
		{B42124BD-274F-432F-8D8C-37D45859DFA4}.Debug|x64.Build.0 = Debug|x64
		{B42124BD-274F-432F-8D8C-37D45859DFA4}.Debug|x86.ActiveCfg = Debug|Win32
		{B42124BD-274F-432F-8D8C-37D45859DFA4}.Debug|x86.Build.0 = Debug|Win32
		{B42124BD-274F-432F-8D8C-37D45859DFA4}.Release|Any CPU.ActiveCfg = Release|Win32
		{B42124BD-274F-432F-8D8C-37D45859DFA4}.Release|x64.ActiveCfg = Release|x64
		{B42124BD-274F-432F-8D8C-37D45859DFA4}.Release|x64.Build.0 = Release|x64
		{B42124BD-274F-432F-8D8C-37D45859DFA4}.Release|x86.ActiveCfg = Release|Win32
		{B42124BD-274F-432F-8D8C-37D45859DFA4}.Release|x86.Build.0 = Release|Win32
		{B119CB75-C297-4077-B472-991930082B06}.Debug|Any CPU.ActiveCfg = Debug|Win32
		{B119CB75-C297-4077-B472-991930082B06}.Debug|x64.ActiveCfg = Debug|x64
		{B119CB75-C297-4077-B472-991930082B06}.Debug|x64.Build.0 = Debug|x64
		{B119CB75-C297-4077-B472-991930082B06}.Debug|x86.ActiveCfg = Debug|Win32
		{B119CB75-C297-4077-B472-991930082B06}.Debug|x86.Build.0 = Debug|Win32
		{B119CB75-C297-4077-B472-991930082B06}.Release|Any CPU.ActiveCfg = Release|Win32
		{B119CB75-C297-4077-B472-991930082B06}.Release|x64.ActiveCfg = Release|x64
		{B119CB75-C297-4077-B472-991930082B06}.Release|x64.Build.0 = Release|x64
		{B119CB75-C297-4077-B472-991930082B06}.Release|x86.ActiveCfg = Release|Win32
		{B119CB75-C297-4077-B472-991930082B06}.Release|x86.Build.0 = Release|Win32
		{FA928456-7237-41A4-9EE6-8FE1929383F6}.Debug|Any CPU.ActiveCfg = Debug|Win32
		{FA928456-7237-41A4-9EE6-8FE1929383F6}.Debug|x64.ActiveCfg = Debug|x64
		{FA928456-7237-41A4-9EE6-8FE1929383F6}.Debug|x64.Build.0 = Debug|x64
		{FA928456-7237-41A4-9EE6-8FE1929383F6}.Debug|x86.ActiveCfg = Debug|Win32
		{FA928456-7237-41A4-9EE6-8FE1929383F6}.Debug|x86.Build.0 = Debug|Win32
		{FA928456-7237-41A4-9EE6-8FE1929383F6}.Release|Any CPU.ActiveCfg = Release|Win32
		{FA928456-7237-41A4-9EE6-8FE1929383F6}.Release|x64.ActiveCfg = Release|x64
		{FA928456-7237-41A4-9EE6-8FE1929383F6}.Release|x64.Build.0 = Release|x64
		{FA928456-7237-41A4-9EE6-8FE1929383F6}.Release|x86.ActiveCfg = Release|Win32
		{FA928456-7237-41A4-9EE6-8FE1929383F6}.Release|x86.Build.0 = Release|Win32
		{F9BDE90A-22E2-47B7-A13A-A5EBA3EF68EA}.Debug|Any CPU.ActiveCfg = Debug|Win32
		{F9BDE90A-22E2-47B7-A13A-A5EBA3EF68EA}.Debug|x64.ActiveCfg = Debug|x64
		{F9BDE90A-22E2-47B7-A13A-A5EBA3EF68EA}.Debug|x64.Build.0 = Debug|x64
		{F9BDE90A-22E2-47B7-A13A-A5EBA3EF68EA}.Debug|x86.ActiveCfg = Debug|Win32
		{F9BDE90A-22E2-47B7-A13A-A5EBA3EF68EA}.Debug|x86.Build.0 = Debug|Win32
		{F9BDE90A-22E2-47B7-A13A-A5EBA3EF68EA}.Release|Any CPU.ActiveCfg = Release|Win32
		{F9BDE90A-22E2-47B7-A13A-A5EBA3EF68EA}.Release|x64.ActiveCfg = Release|x64
		{F9BDE90A-22E2-47B7-A13A-A5EBA3EF68EA}.Release|x64.Build.0 = Release|x64
		{F9BDE90A-22E2-47B7-A13A-A5EBA3EF68EA}.Release|x86.ActiveCfg = Release|Win32
		{F9BDE90A-22E2-47B7-A13A-A5EBA3EF68EA}.Release|x86.Build.0 = Release|Win32
		{363145B5-4E18-4C7C-B4DE-458E52ED009F}.Debug|Any CPU.ActiveCfg = Debug|Win32
		{363145B5-4E18-4C7C-B4DE-458E52ED009F}.Debug|x64.ActiveCfg = Debug|x64
		{363145B5-4E18-4C7C-B4DE-458E52ED009F}.Debug|x64.Build.0 = Debug|x64
		{363145B5-4E18-4C7C-B4DE-458E52ED009F}.Debug|x86.ActiveCfg = Debug|Win32
		{363145B5-4E18-4C7C-B4DE-458E52ED009F}.Debug|x86.Build.0 = Debug|Win32
		{363145B5-4E18-4C7C-B4DE-458E52ED009F}.Release|Any CPU.ActiveCfg = Release|Win32
		{363145B5-4E18-4C7C-B4DE-458E52ED009F}.Release|x64.ActiveCfg = Release|x64
		{363145B5-4E18-4C7C-B4DE-458E52ED009F}.Release|x64.Build.0 = Release|x64
		{363145B5-4E18-4C7C-B4DE-458E52ED009F}.Release|x86.ActiveCfg = Release|Win32
		{363145B5-4E18-4C7C-B4DE-458E52ED009F}.Release|x86.Build.0 = Release|Win32
		{FE168DDC-903D-45CF-B126-74A086A0EC7E}.Debug|Any CPU.ActiveCfg = Debug|Win32
		{FE168DDC-903D-45CF-B126-74A086A0EC7E}.Debug|x64.ActiveCfg = Debug|x64
		{FE168DDC-903D-45CF-B126-74A086A0EC7E}.Debug|x64.Build.0 = Debug|x64
		{FE168DDC-903D-45CF-B126-74A086A0EC7E}.Debug|x86.ActiveCfg = Debug|Win32
		{FE168DDC-903D-45CF-B126-74A086A0EC7E}.Debug|x86.Build.0 = Debug|Win32
		{FE168DDC-903D-45CF-B126-74A086A0EC7E}.Release|Any CPU.ActiveCfg = Release|Win32
		{FE168DDC-903D-45CF-B126-74A086A0EC7E}.Release|x64.ActiveCfg = Release|x64
		{FE168DDC-903D-45CF-B126-74A086A0EC7E}.Release|x64.Build.0 = Release|x64
		{FE168DDC-903D-45CF-B126-74A086A0EC7E}.Release|x86.ActiveCfg = Release|Win32
		{FE168DDC-903D-45CF-B126-74A086A0EC7E}.Release|x86.Build.0 = Release|Win32
		{8837C232-AA82-4FC4-AE0D-4D1B639A0612}.Debug|Any CPU.ActiveCfg = Debug|Win32
		{8837C232-AA82-4FC4-AE0D-4D1B639A0612}.Debug|x64.ActiveCfg = Debug|x64
		{8837C232-AA82-4FC4-AE0D-4D1B639A0612}.Debug|x64.Build.0 = Debug|x64
		{8837C232-AA82-4FC4-AE0D-4D1B639A0612}.Debug|x86.ActiveCfg = Debug|Win32
		{8837C232-AA82-4FC4-AE0D-4D1B639A0612}.Debug|x86.Build.0 = Debug|Win32
		{8837C232-AA82-4FC4-AE0D-4D1B639A0612}.Release|Any CPU.ActiveCfg = Release|Win32
		{8837C232-AA82-4FC4-AE0D-4D1B639A0612}.Release|x64.ActiveCfg = Release|x64
		{8837C232-AA82-4FC4-AE0D-4D1B639A0612}.Release|x64.Build.0 = Release|x64
		{8837C232-AA82-4FC4-AE0D-4D1B639A0612}.Release|x86.ActiveCfg = Release|Win32
		{8837C232-AA82-4FC4-AE0D-4D1B639A0612}.Release|x86.Build.0 = Release|Win32
		{C47D1170-DFD2-477F-AD32-819B1A9B0D96}.Debug|Any CPU.ActiveCfg = Debug|Win32
		{C47D1170-DFD2-477F-AD32-819B1A9B0D96}.Debug|x64.ActiveCfg = Debug|x64
		{C47D1170-DFD2-477F-AD32-819B1A9B0D96}.Debug|x64.Build.0 = Debug|x64
		{C47D1170-DFD2-477F-AD32-819B1A9B0D96}.Debug|x86.ActiveCfg = Debug|Win32
		{C47D1170-DFD2-477F-AD32-819B1A9B0D96}.Debug|x86.Build.0 = Debug|Win32
		{C47D1170-DFD2-477F-AD32-819B1A9B0D96}.Release|Any CPU.ActiveCfg = Release|Win32
		{C47D1170-DFD2-477F-AD32-819B1A9B0D96}.Release|x64.ActiveCfg = Release|x64
		{C47D1170-DFD2-477F-AD32-819B1A9B0D96}.Release|x64.Build.0 = Release|x64
		{C47D1170-DFD2-477F-AD32-819B1A9B0D96}.Release|x86.ActiveCfg = Release|Win32
		{C47D1170-DFD2-477F-AD32-819B1A9B0D96}.Release|x86.Build.0 = Release|Win32
		{42C0A4D2-41D3-4048-9F9F-98E95B28EA43}.Debug|Any CPU.ActiveCfg = Debug|Win32
		{42C0A4D2-41D3-4048-9F9F-98E95B28EA43}.Debug|x64.ActiveCfg = Debug|x64
		{42C0A4D2-41D3-4048-9F9F-98E95B28EA43}.Debug|x64.Build.0 = Debug|x64
		{42C0A4D2-41D3-4048-9F9F-98E95B28EA43}.Debug|x86.ActiveCfg = Debug|Win32
		{42C0A4D2-41D3-4048-9F9F-98E95B28EA43}.Debug|x86.Build.0 = Debug|Win32
		{42C0A4D2-41D3-4048-9F9F-98E95B28EA43}.Release|Any CPU.ActiveCfg = Release|Win32
		{42C0A4D2-41D3-4048-9F9F-98E95B28EA43}.Release|x64.ActiveCfg = Release|x64
		{42C0A4D2-41D3-4048-9F9F-98E95B28EA43}.Release|x64.Build.0 = Release|x64
		{42C0A4D2-41D3-4048-9F9F-98E95B28EA43}.Release|x86.ActiveCfg = Release|Win32
		{42C0A4D2-41D3-4048-9F9F-98E95B28EA43}.Release|x86.Build.0 = Release|Win32
		{1F7BF034-FD78-46F5-95D8-95D7164AE1AF}.Debug|Any CPU.ActiveCfg = Debug|Win32
		{1F7BF034-FD78-46F5-95D8-95D7164AE1AF}.Debug|x64.ActiveCfg = Debug|x64
		{1F7BF034-FD78-46F5-95D8-95D7164AE1AF}.Debug|x64.Build.0 = Debug|x64
		{1F7BF034-FD78-46F5-95D8-95D7164AE1AF}.Debug|x86.ActiveCfg = Debug|Win32
		{1F7BF034-FD78-46F5-95D8-95D7164AE1AF}.Debug|x86.Build.0 = Debug|Win32
		{1F7BF034-FD78-46F5-95D8-95D7164AE1AF}.Release|Any CPU.ActiveCfg = Release|Win32
		{1F7BF034-FD78-46F5-95D8-95D7164AE1AF}.Release|x64.ActiveCfg = Release|x64
		{1F7BF034-FD78-46F5-95D8-95D7164AE1AF}.Release|x64.Build.0 = Release|x64
		{1F7BF034-FD78-46F5-95D8-95D7164AE1AF}.Release|x86.ActiveCfg = Release|Win32
		{1F7BF034-FD78-46F5-95D8-95D7164AE1AF}.Release|x86.Build.0 = Release|Win32
		{E4DC7568-B2A2-49CE-AE43-5716A2FA80C1}.Debug|Any CPU.ActiveCfg = Debug|Win32
		{E4DC7568-B2A2-49CE-AE43-5716A2FA80C1}.Debug|x64.ActiveCfg = Debug|x64
		{E4DC7568-B2A2-49CE-AE43-5716A2FA80C1}.Debug|x64.Build.0 = Debug|x64
		{E4DC7568-B2A2-49CE-AE43-5716A2FA80C1}.Debug|x86.ActiveCfg = Debug|Win32
		{E4DC7568-B2A2-49CE-AE43-5716A2FA80C1}.Debug|x86.Build.0 = Debug|Win32
		{E4DC7568-B2A2-49CE-AE43-5716A2FA80C1}.Release|Any CPU.ActiveCfg = Release|Win32
		{E4DC7568-B2A2-49CE-AE43-5716A2FA80C1}.Release|x64.ActiveCfg = Release|x64
		{E4DC7568-B2A2-49CE-AE43-5716A2FA80C1}.Release|x64.Build.0 = Release|x64
		{E4DC7568-B2A2-49CE-AE43-5716A2FA80C1}.Release|x86.ActiveCfg = Release|Win32
		{E4DC7568-B2A2-49CE-AE43-5716A2FA80C1}.Release|x86.Build.0 = Release|Win32
		{E5E43223-497E-461D-A91E-E506D5E3EA6A}.Debug|Any CPU.ActiveCfg = Debug|Win32
		{E5E43223-497E-461D-A91E-E506D5E3EA6A}.Debug|x64.ActiveCfg = Debug|x64
		{E5E43223-497E-461D-A91E-E506D5E3EA6A}.Debug|x64.Build.0 = Debug|x64
		{E5E43223-497E-461D-A91E-E506D5E3EA6A}.Debug|x86.ActiveCfg = Debug|Win32
		{E5E43223-497E-461D-A91E-E506D5E3EA6A}.Debug|x86.Build.0 = Debug|Win32
		{E5E43223-497E-461D-A91E-E506D5E3EA6A}.Release|Any CPU.ActiveCfg = Release|Win32
		{E5E43223-497E-461D-A91E-E506D5E3EA6A}.Release|x64.ActiveCfg = Release|x64
		{E5E43223-497E-461D-A91E-E506D5E3EA6A}.Release|x64.Build.0 = Release|x64
		{E5E43223-497E-461D-A91E-E506D5E3EA6A}.Release|x86.ActiveCfg = Release|Win32
		{E5E43223-497E-461D-A91E-E506D5E3EA6A}.Release|x86.Build.0 = Release|Win32
		{93E20B47-33A5-4CE4-BFB3-4DD01C1AF7CA}.Debug|Any CPU.ActiveCfg = Debug|Win32
		{93E20B47-33A5-4CE4-BFB3-4DD01C1AF7CA}.Debug|x64.ActiveCfg = Debug|x64
		{93E20B47-33A5-4CE4-BFB3-4DD01C1AF7CA}.Debug|x64.Build.0 = Debug|x64
		{93E20B47-33A5-4CE4-BFB3-4DD01C1AF7CA}.Debug|x86.ActiveCfg = Debug|Win32
		{93E20B47-33A5-4CE4-BFB3-4DD01C1AF7CA}.Debug|x86.Build.0 = Debug|Win32
		{93E20B47-33A5-4CE4-BFB3-4DD01C1AF7CA}.Release|Any CPU.ActiveCfg = Release|Win32
		{93E20B47-33A5-4CE4-BFB3-4DD01C1AF7CA}.Release|x64.ActiveCfg = Release|x64
		{93E20B47-33A5-4CE4-BFB3-4DD01C1AF7CA}.Release|x64.Build.0 = Release|x64
		{93E20B47-33A5-4CE4-BFB3-4DD01C1AF7CA}.Release|x86.ActiveCfg = Release|Win32
		{93E20B47-33A5-4CE4-BFB3-4DD01C1AF7CA}.Release|x86.Build.0 = Release|Win32
		{D064C908-34F7-43DF-BA05-C647DEB3E604}.Debug|Any CPU.ActiveCfg = Debug|Win32
		{D064C908-34F7-43DF-BA05-C647DEB3E604}.Debug|x64.ActiveCfg = Debug|x64
		{D064C908-34F7-43DF-BA05-C647DEB3E604}.Debug|x64.Build.0 = Debug|x64
		{D064C908-34F7-43DF-BA05-C647DEB3E604}.Debug|x86.ActiveCfg = Debug|Win32
		{D064C908-34F7-43DF-BA05-C647DEB3E604}.Debug|x86.Build.0 = Debug|Win32
		{D064C908-34F7-43DF-BA05-C647DEB3E604}.Release|Any CPU.ActiveCfg = Release|Win32
		{D064C908-34F7-43DF-BA05-C647DEB3E604}.Release|x64.ActiveCfg = Release|x64
		{D064C908-34F7-43DF-BA05-C647DEB3E604}.Release|x64.Build.0 = Release|x64
		{D064C908-34F7-43DF-BA05-C647DEB3E604}.Release|x86.ActiveCfg = Release|Win32
		{D064C908-34F7-43DF-BA05-C647DEB3E604}.Release|x86.Build.0 = Release|Win32
		{84821452-5E97-40D1-A398-F50CD3774C7D}.Debug|Any CPU.ActiveCfg = Debug|Win32
		{84821452-5E97-40D1-A398-F50CD3774C7D}.Debug|x64.ActiveCfg = Debug|x64
		{84821452-5E97-40D1-A398-F50CD3774C7D}.Debug|x64.Build.0 = Debug|x64
		{84821452-5E97-40D1-A398-F50CD3774C7D}.Debug|x86.ActiveCfg = Debug|Win32
		{84821452-5E97-40D1-A398-F50CD3774C7D}.Debug|x86.Build.0 = Debug|Win32
		{84821452-5E97-40D1-A398-F50CD3774C7D}.Release|Any CPU.ActiveCfg = Release|Win32
		{84821452-5E97-40D1-A398-F50CD3774C7D}.Release|x64.ActiveCfg = Release|x64
		{84821452-5E97-40D1-A398-F50CD3774C7D}.Release|x64.Build.0 = Release|x64
		{84821452-5E97-40D1-A398-F50CD3774C7D}.Release|x86.ActiveCfg = Release|Win32
		{84821452-5E97-40D1-A398-F50CD3774C7D}.Release|x86.Build.0 = Release|Win32
		{F8D6613D-8E8C-4696-A5AE-22650FFB0841}.Debug|Any CPU.ActiveCfg = Debug|Win32
		{F8D6613D-8E8C-4696-A5AE-22650FFB0841}.Debug|x64.ActiveCfg = Debug|x64
		{F8D6613D-8E8C-4696-A5AE-22650FFB0841}.Debug|x64.Build.0 = Debug|x64
		{F8D6613D-8E8C-4696-A5AE-22650FFB0841}.Debug|x86.ActiveCfg = Debug|Win32
		{F8D6613D-8E8C-4696-A5AE-22650FFB0841}.Debug|x86.Build.0 = Debug|Win32
		{F8D6613D-8E8C-4696-A5AE-22650FFB0841}.Release|Any CPU.ActiveCfg = Release|Win32
		{F8D6613D-8E8C-4696-A5AE-22650FFB0841}.Release|x64.ActiveCfg = Release|x64
		{F8D6613D-8E8C-4696-A5AE-22650FFB0841}.Release|x64.Build.0 = Release|x64
		{F8D6613D-8E8C-4696-A5AE-22650FFB0841}.Release|x86.ActiveCfg = Release|Win32
		{F8D6613D-8E8C-4696-A5AE-22650FFB0841}.Release|x86.Build.0 = Release|Win32
		{1FA0C3F3-A9B7-4100-89F3-D46A39F9F4DC}.Debug|Any CPU.ActiveCfg = Debug|Win32
		{1FA0C3F3-A9B7-4100-89F3-D46A39F9F4DC}.Debug|x64.ActiveCfg = Debug|x64
		{1FA0C3F3-A9B7-4100-89F3-D46A39F9F4DC}.Debug|x64.Build.0 = Debug|x64
		{1FA0C3F3-A9B7-4100-89F3-D46A39F9F4DC}.Debug|x86.ActiveCfg = Debug|Win32
		{1FA0C3F3-A9B7-4100-89F3-D46A39F9F4DC}.Debug|x86.Build.0 = Debug|Win32
		{1FA0C3F3-A9B7-4100-89F3-D46A39F9F4DC}.Release|Any CPU.ActiveCfg = Release|Win32
		{1FA0C3F3-A9B7-4100-89F3-D46A39F9F4DC}.Release|x64.ActiveCfg = Release|x64
		{1FA0C3F3-A9B7-4100-89F3-D46A39F9F4DC}.Release|x64.Build.0 = Release|x64
		{1FA0C3F3-A9B7-4100-89F3-D46A39F9F4DC}.Release|x86.ActiveCfg = Release|Win32
		{1FA0C3F3-A9B7-4100-89F3-D46A39F9F4DC}.Release|x86.Build.0 = Release|Win32
		{2D2C6638-4F00-4DC7-B82C-48F8DEDB1992}.Debug|Any CPU.ActiveCfg = Debug|Win32
		{2D2C6638-4F00-4DC7-B82C-48F8DEDB1992}.Debug|x64.ActiveCfg = Debug|x64
		{2D2C6638-4F00-4DC7-B82C-48F8DEDB1992}.Debug|x64.Build.0 = Debug|x64
		{2D2C6638-4F00-4DC7-B82C-48F8DEDB1992}.Debug|x86.ActiveCfg = Debug|Win32
		{2D2C6638-4F00-4DC7-B82C-48F8DEDB1992}.Debug|x86.Build.0 = Debug|Win32
		{2D2C6638-4F00-4DC7-B82C-48F8DEDB1992}.Release|Any CPU.ActiveCfg = Release|Win32
		{2D2C6638-4F00-4DC7-B82C-48F8DEDB1992}.Release|x64.ActiveCfg = Release|x64
		{2D2C6638-4F00-4DC7-B82C-48F8DEDB1992}.Release|x64.Build.0 = Release|x64
		{2D2C6638-4F00-4DC7-B82C-48F8DEDB1992}.Release|x86.ActiveCfg = Release|Win32
		{2D2C6638-4F00-4DC7-B82C-48F8DEDB1992}.Release|x86.Build.0 = Release|Win32
		{37B29770-B8C7-4694-A834-2669526D34EF}.Debug|Any CPU.ActiveCfg = Debug|Win32
		{37B29770-B8C7-4694-A834-2669526D34EF}.Debug|x64.ActiveCfg = Debug|x64
		{37B29770-B8C7-4694-A834-2669526D34EF}.Debug|x64.Build.0 = Debug|x64
		{37B29770-B8C7-4694-A834-2669526D34EF}.Debug|x86.ActiveCfg = Debug|Win32
		{37B29770-B8C7-4694-A834-2669526D34EF}.Debug|x86.Build.0 = Debug|Win32
		{37B29770-B8C7-4694-A834-2669526D34EF}.Release|Any CPU.ActiveCfg = Release|Win32
		{37B29770-B8C7-4694-A834-2669526D34EF}.Release|x64.ActiveCfg = Release|x64
		{37B29770-B8C7-4694-A834-2669526D34EF}.Release|x64.Build.0 = Release|x64
		{37B29770-B8C7-4694-A834-2669526D34EF}.Release|x86.ActiveCfg = Release|Win32
		{37B29770-B8C7-4694-A834-2669526D34EF}.Release|x86.Build.0 = Release|Win32
		{59448B24-8F20-41C1-B1D5-40A93CA5BCD9}.Debug|Any CPU.ActiveCfg = Debug|Win32
		{59448B24-8F20-41C1-B1D5-40A93CA5BCD9}.Debug|x64.ActiveCfg = Debug|x64
		{59448B24-8F20-41C1-B1D5-40A93CA5BCD9}.Debug|x64.Build.0 = Debug|x64
		{59448B24-8F20-41C1-B1D5-40A93CA5BCD9}.Debug|x86.ActiveCfg = Debug|Win32
		{59448B24-8F20-41C1-B1D5-40A93CA5BCD9}.Debug|x86.Build.0 = Debug|Win32
		{59448B24-8F20-41C1-B1D5-40A93CA5BCD9}.Release|Any CPU.ActiveCfg = Release|Win32
		{59448B24-8F20-41C1-B1D5-40A93CA5BCD9}.Release|x64.ActiveCfg = Release|x64
		{59448B24-8F20-41C1-B1D5-40A93CA5BCD9}.Release|x64.Build.0 = Release|x64
		{59448B24-8F20-41C1-B1D5-40A93CA5BCD9}.Release|x86.ActiveCfg = Release|Win32
		{59448B24-8F20-41C1-B1D5-40A93CA5BCD9}.Release|x86.Build.0 = Release|Win32
		{E27ECE12-B881-49FB-A341-6A4EB5FB8CAF}.Debug|Any CPU.ActiveCfg = Debug|Win32
		{E27ECE12-B881-49FB-A341-6A4EB5FB8CAF}.Debug|x64.ActiveCfg = Debug|x64
		{E27ECE12-B881-49FB-A341-6A4EB5FB8CAF}.Debug|x64.Build.0 = Debug|x64
		{E27ECE12-B881-49FB-A341-6A4EB5FB8CAF}.Debug|x86.ActiveCfg = Debug|Win32
		{E27ECE12-B881-49FB-A341-6A4EB5FB8CAF}.Debug|x86.Build.0 = Debug|Win32
		{E27ECE12-B881-49FB-A341-6A4EB5FB8CAF}.Release|Any CPU.ActiveCfg = Release|Win32
		{E27ECE12-B881-49FB-A341-6A4EB5FB8CAF}.Release|x64.ActiveCfg = Release|x64
		{E27ECE12-B881-49FB-A341-6A4EB5FB8CAF}.Release|x64.Build.0 = Release|x64
		{E27ECE12-B881-49FB-A341-6A4EB5FB8CAF}.Release|x86.ActiveCfg = Release|Win32
		{E27ECE12-B881-49FB-A341-6A4EB5FB8CAF}.Release|x86.Build.0 = Release|Win32
		{DB3C7FDE-1E2A-413E-8093-4ECE029FD153}.Debug|Any CPU.ActiveCfg = Debug|Win32
		{DB3C7FDE-1E2A-413E-8093-4ECE029FD153}.Debug|x64.ActiveCfg = Debug|x64
		{DB3C7FDE-1E2A-413E-8093-4ECE029FD153}.Debug|x64.Build.0 = Debug|x64
		{DB3C7FDE-1E2A-413E-8093-4ECE029FD153}.Debug|x86.ActiveCfg = Debug|Win32
		{DB3C7FDE-1E2A-413E-8093-4ECE029FD153}.Debug|x86.Build.0 = Debug|Win32
		{DB3C7FDE-1E2A-413E-8093-4ECE029FD153}.Release|Any CPU.ActiveCfg = Release|Win32
		{DB3C7FDE-1E2A-413E-8093-4ECE029FD153}.Release|x64.ActiveCfg = Release|x64
		{DB3C7FDE-1E2A-413E-8093-4ECE029FD153}.Release|x64.Build.0 = Release|x64
		{DB3C7FDE-1E2A-413E-8093-4ECE029FD153}.Release|x86.ActiveCfg = Release|Win32
		{DB3C7FDE-1E2A-413E-8093-4ECE029FD153}.Release|x86.Build.0 = Release|Win32
		{AD575EE3-D848-42C5-8CB1-06205A65536D}.Debug|Any CPU.ActiveCfg = Debug|Win32
		{AD575EE3-D848-42C5-8CB1-06205A65536D}.Debug|x64.ActiveCfg = Debug|x64
		{AD575EE3-D848-42C5-8CB1-06205A65536D}.Debug|x64.Build.0 = Debug|x64
		{AD575EE3-D848-42C5-8CB1-06205A65536D}.Debug|x86.ActiveCfg = Debug|Win32
		{AD575EE3-D848-42C5-8CB1-06205A65536D}.Debug|x86.Build.0 = Debug|Win32
		{AD575EE3-D848-42C5-8CB1-06205A65536D}.Release|Any CPU.ActiveCfg = Release|Win32
		{AD575EE3-D848-42C5-8CB1-06205A65536D}.Release|x64.ActiveCfg = Release|x64
		{AD575EE3-D848-42C5-8CB1-06205A65536D}.Release|x64.Build.0 = Release|x64
		{AD575EE3-D848-42C5-8CB1-06205A65536D}.Release|x86.ActiveCfg = Release|Win32
		{AD575EE3-D848-42C5-8CB1-06205A65536D}.Release|x86.Build.0 = Release|Win32
		{F754D01B-79C7-47C2-BB73-8B35E904E0D1}.Debug|Any CPU.ActiveCfg = Debug|Win32
		{F754D01B-79C7-47C2-BB73-8B35E904E0D1}.Debug|x64.ActiveCfg = Debug|x64
		{F754D01B-79C7-47C2-BB73-8B35E904E0D1}.Debug|x64.Build.0 = Debug|x64
		{F754D01B-79C7-47C2-BB73-8B35E904E0D1}.Debug|x86.ActiveCfg = Debug|Win32
		{F754D01B-79C7-47C2-BB73-8B35E904E0D1}.Debug|x86.Build.0 = Debug|Win32
		{F754D01B-79C7-47C2-BB73-8B35E904E0D1}.Release|Any CPU.ActiveCfg = Release|Win32
		{F754D01B-79C7-47C2-BB73-8B35E904E0D1}.Release|x64.ActiveCfg = Release|x64
		{F754D01B-79C7-47C2-BB73-8B35E904E0D1}.Release|x64.Build.0 = Release|x64
		{F754D01B-79C7-47C2-BB73-8B35E904E0D1}.Release|x86.ActiveCfg = Release|Win32
		{F754D01B-79C7-47C2-BB73-8B35E904E0D1}.Release|x86.Build.0 = Release|Win32
		{63AC1713-3504-48C8-94BE-B7CBD2206CD7}.Debug|Any CPU.ActiveCfg = Debug|Win32
		{63AC1713-3504-48C8-94BE-B7CBD2206CD7}.Debug|x64.ActiveCfg = Debug|x64
		{63AC1713-3504-48C8-94BE-B7CBD2206CD7}.Debug|x64.Build.0 = Debug|x64
		{63AC1713-3504-48C8-94BE-B7CBD2206CD7}.Debug|x86.ActiveCfg = Debug|Win32
		{63AC1713-3504-48C8-94BE-B7CBD2206CD7}.Debug|x86.Build.0 = Debug|Win32
		{63AC1713-3504-48C8-94BE-B7CBD2206CD7}.Release|Any CPU.ActiveCfg = Release|Win32
		{63AC1713-3504-48C8-94BE-B7CBD2206CD7}.Release|x64.ActiveCfg = Release|x64
		{63AC1713-3504-48C8-94BE-B7CBD2206CD7}.Release|x64.Build.0 = Release|x64
		{63AC1713-3504-48C8-94BE-B7CBD2206CD7}.Release|x86.ActiveCfg = Release|Win32
		{63AC1713-3504-48C8-94BE-B7CBD2206CD7}.Release|x86.Build.0 = Release|Win32
		{3EB19139-5876-4F7C-B75F-7E12011DAF5D}.Debug|Any CPU.ActiveCfg = Debug|Win32
		{3EB19139-5876-4F7C-B75F-7E12011DAF5D}.Debug|x64.ActiveCfg = Debug|x64
		{3EB19139-5876-4F7C-B75F-7E12011DAF5D}.Debug|x64.Build.0 = Debug|x64
		{3EB19139-5876-4F7C-B75F-7E12011DAF5D}.Debug|x86.ActiveCfg = Debug|Win32
		{3EB19139-5876-4F7C-B75F-7E12011DAF5D}.Debug|x86.Build.0 = Debug|Win32
		{3EB19139-5876-4F7C-B75F-7E12011DAF5D}.Release|Any CPU.ActiveCfg = Release|Win32
		{3EB19139-5876-4F7C-B75F-7E12011DAF5D}.Release|x64.ActiveCfg = Release|x64
		{3EB19139-5876-4F7C-B75F-7E12011DAF5D}.Release|x64.Build.0 = Release|x64
		{3EB19139-5876-4F7C-B75F-7E12011DAF5D}.Release|x86.ActiveCfg = Release|Win32
		{3EB19139-5876-4F7C-B75F-7E12011DAF5D}.Release|x86.Build.0 = Release|Win32
		{5B7F9521-AF09-4BC3-98D4-0F43522AF36C}.Debug|Any CPU.ActiveCfg = Debug|Win32
		{5B7F9521-AF09-4BC3-98D4-0F43522AF36C}.Debug|x64.ActiveCfg = Debug|x64
		{5B7F9521-AF09-4BC3-98D4-0F43522AF36C}.Debug|x64.Build.0 = Debug|x64
		{5B7F9521-AF09-4BC3-98D4-0F43522AF36C}.Debug|x86.ActiveCfg = Debug|Win32
		{5B7F9521-AF09-4BC3-98D4-0F43522AF36C}.Debug|x86.Build.0 = Debug|Win32
		{5B7F9521-AF09-4BC3-98D4-0F43522AF36C}.Release|Any CPU.ActiveCfg = Release|Win32
		{5B7F9521-AF09-4BC3-98D4-0F43522AF36C}.Release|x64.ActiveCfg = Release|x64
		{5B7F9521-AF09-4BC3-98D4-0F43522AF36C}.Release|x64.Build.0 = Release|x64
		{5B7F9521-AF09-4BC3-98D4-0F43522AF36C}.Release|x86.ActiveCfg = Release|Win32
		{5B7F9521-AF09-4BC3-98D4-0F43522AF36C}.Release|x86.Build.0 = Release|Win32
		{7D4CD1D0-0795-4428-B1B5-F232259AFB19}.Debug|Any CPU.ActiveCfg = Debug|Win32
		{7D4CD1D0-0795-4428-B1B5-F232259AFB19}.Debug|x64.ActiveCfg = Debug|x64
		{7D4CD1D0-0795-4428-B1B5-F232259AFB19}.Debug|x64.Build.0 = Debug|x64
		{7D4CD1D0-0795-4428-B1B5-F232259AFB19}.Debug|x86.ActiveCfg = Debug|Win32
		{7D4CD1D0-0795-4428-B1B5-F232259AFB19}.Debug|x86.Build.0 = Debug|Win32
		{7D4CD1D0-0795-4428-B1B5-F232259AFB19}.Release|Any CPU.ActiveCfg = Release|Win32
		{7D4CD1D0-0795-4428-B1B5-F232259AFB19}.Release|x64.ActiveCfg = Release|x64
		{7D4CD1D0-0795-4428-B1B5-F232259AFB19}.Release|x64.Build.0 = Release|x64
		{7D4CD1D0-0795-4428-B1B5-F232259AFB19}.Release|x86.ActiveCfg = Release|Win32
		{7D4CD1D0-0795-4428-B1B5-F232259AFB19}.Release|x86.Build.0 = Release|Win32
		{B32C2B1C-8081-4FFE-8A1A-F1CCA5D616E0}.Debug|Any CPU.ActiveCfg = Debug|Win32
		{B32C2B1C-8081-4FFE-8A1A-F1CCA5D616E0}.Debug|x64.ActiveCfg = Debug|x64
		{B32C2B1C-8081-4FFE-8A1A-F1CCA5D616E0}.Debug|x64.Build.0 = Debug|x64
		{B32C2B1C-8081-4FFE-8A1A-F1CCA5D616E0}.Debug|x86.ActiveCfg = Debug|Win32
		{B32C2B1C-8081-4FFE-8A1A-F1CCA5D616E0}.Debug|x86.Build.0 = Debug|Win32
		{B32C2B1C-8081-4FFE-8A1A-F1CCA5D616E0}.Release|Any CPU.ActiveCfg = Release|Win32
		{B32C2B1C-8081-4FFE-8A1A-F1CCA5D616E0}.Release|x64.ActiveCfg = Release|x64
		{B32C2B1C-8081-4FFE-8A1A-F1CCA5D616E0}.Release|x64.Build.0 = Release|x64
		{B32C2B1C-8081-4FFE-8A1A-F1CCA5D616E0}.Release|x86.ActiveCfg = Release|Win32
		{B32C2B1C-8081-4FFE-8A1A-F1CCA5D616E0}.Release|x86.Build.0 = Release|Win32
		{AE11A972-39B4-4DAD-84E4-B363845CFAAF}.Debug|Any CPU.ActiveCfg = Debug|Win32
		{AE11A972-39B4-4DAD-84E4-B363845CFAAF}.Debug|x64.ActiveCfg = Debug|x64
		{AE11A972-39B4-4DAD-84E4-B363845CFAAF}.Debug|x64.Build.0 = Debug|x64
		{AE11A972-39B4-4DAD-84E4-B363845CFAAF}.Debug|x86.ActiveCfg = Debug|Win32
		{AE11A972-39B4-4DAD-84E4-B363845CFAAF}.Debug|x86.Build.0 = Debug|Win32
		{AE11A972-39B4-4DAD-84E4-B363845CFAAF}.Release|Any CPU.ActiveCfg = Release|Win32
		{AE11A972-39B4-4DAD-84E4-B363845CFAAF}.Release|x64.ActiveCfg = Release|x64
		{AE11A972-39B4-4DAD-84E4-B363845CFAAF}.Release|x64.Build.0 = Release|x64
		{AE11A972-39B4-4DAD-84E4-B363845CFAAF}.Release|x86.ActiveCfg = Release|Win32
		{AE11A972-39B4-4DAD-84E4-B363845CFAAF}.Release|x86.Build.0 = Release|Win32
		{570529AF-3C6D-48CD-8BD4-A8D82E327C8E}.Debug|Any CPU.ActiveCfg = Debug|Win32
		{570529AF-3C6D-48CD-8BD4-A8D82E327C8E}.Debug|x64.ActiveCfg = Debug|x64
		{570529AF-3C6D-48CD-8BD4-A8D82E327C8E}.Debug|x64.Build.0 = Debug|x64
		{570529AF-3C6D-48CD-8BD4-A8D82E327C8E}.Debug|x86.ActiveCfg = Debug|Win32
		{570529AF-3C6D-48CD-8BD4-A8D82E327C8E}.Debug|x86.Build.0 = Debug|Win32
		{570529AF-3C6D-48CD-8BD4-A8D82E327C8E}.Release|Any CPU.ActiveCfg = Release|Win32
		{570529AF-3C6D-48CD-8BD4-A8D82E327C8E}.Release|x64.ActiveCfg = Release|x64
		{570529AF-3C6D-48CD-8BD4-A8D82E327C8E}.Release|x64.Build.0 = Release|x64
		{570529AF-3C6D-48CD-8BD4-A8D82E327C8E}.Release|x86.ActiveCfg = Release|Win32
		{570529AF-3C6D-48CD-8BD4-A8D82E327C8E}.Release|x86.Build.0 = Release|Win32
		{CB5AAB8D-0C2B-4360-8C41-7D0640E83318}.Debug|Any CPU.ActiveCfg = Debug|Win32
		{CB5AAB8D-0C2B-4360-8C41-7D0640E83318}.Debug|x64.ActiveCfg = Debug|x64
		{CB5AAB8D-0C2B-4360-8C41-7D0640E83318}.Debug|x64.Build.0 = Debug|x64
		{CB5AAB8D-0C2B-4360-8C41-7D0640E83318}.Debug|x86.ActiveCfg = Debug|Win32
		{CB5AAB8D-0C2B-4360-8C41-7D0640E83318}.Debug|x86.Build.0 = Debug|Win32
		{CB5AAB8D-0C2B-4360-8C41-7D0640E83318}.Release|Any CPU.ActiveCfg = Release|Win32
		{CB5AAB8D-0C2B-4360-8C41-7D0640E83318}.Release|x64.ActiveCfg = Release|x64
		{CB5AAB8D-0C2B-4360-8C41-7D0640E83318}.Release|x64.Build.0 = Release|x64
		{CB5AAB8D-0C2B-4360-8C41-7D0640E83318}.Release|x86.ActiveCfg = Release|Win32
		{CB5AAB8D-0C2B-4360-8C41-7D0640E83318}.Release|x86.Build.0 = Release|Win32
		{51D2E25C-0C2D-440F-A98E-732FE8D8258E}.Debug|Any CPU.ActiveCfg = Debug|Win32
		{51D2E25C-0C2D-440F-A98E-732FE8D8258E}.Debug|x64.ActiveCfg = Debug|x64
		{51D2E25C-0C2D-440F-A98E-732FE8D8258E}.Debug|x64.Build.0 = Debug|x64
		{51D2E25C-0C2D-440F-A98E-732FE8D8258E}.Debug|x86.ActiveCfg = Debug|Win32
		{51D2E25C-0C2D-440F-A98E-732FE8D8258E}.Debug|x86.Build.0 = Debug|Win32
		{51D2E25C-0C2D-440F-A98E-732FE8D8258E}.Release|Any CPU.ActiveCfg = Release|Win32
		{51D2E25C-0C2D-440F-A98E-732FE8D8258E}.Release|x64.ActiveCfg = Release|x64
		{51D2E25C-0C2D-440F-A98E-732FE8D8258E}.Release|x64.Build.0 = Release|x64
		{51D2E25C-0C2D-440F-A98E-732FE8D8258E}.Release|x86.ActiveCfg = Release|Win32
		{51D2E25C-0C2D-440F-A98E-732FE8D8258E}.Release|x86.Build.0 = Release|Win32
		{ED857A54-98C2-4977-BF20-2951121F63D6}.Debug|Any CPU.ActiveCfg = Debug|Win32
		{ED857A54-98C2-4977-BF20-2951121F63D6}.Debug|x64.ActiveCfg = Debug|x64
		{ED857A54-98C2-4977-BF20-2951121F63D6}.Debug|x64.Build.0 = Debug|x64
		{ED857A54-98C2-4977-BF20-2951121F63D6}.Debug|x86.ActiveCfg = Debug|Win32
		{ED857A54-98C2-4977-BF20-2951121F63D6}.Debug|x86.Build.0 = Debug|Win32
		{ED857A54-98C2-4977-BF20-2951121F63D6}.Release|Any CPU.ActiveCfg = Release|Win32
		{ED857A54-98C2-4977-BF20-2951121F63D6}.Release|x64.ActiveCfg = Release|x64
		{ED857A54-98C2-4977-BF20-2951121F63D6}.Release|x64.Build.0 = Release|x64
		{ED857A54-98C2-4977-BF20-2951121F63D6}.Release|x86.ActiveCfg = Release|Win32
		{ED857A54-98C2-4977-BF20-2951121F63D6}.Release|x86.Build.0 = Release|Win32
		{7139A73A-C4F1-4CA6-8B5A-CB9A433965AB}.Debug|Any CPU.ActiveCfg = Debug|Win32
		{7139A73A-C4F1-4CA6-8B5A-CB9A433965AB}.Debug|x64.ActiveCfg = Debug|x64
		{7139A73A-C4F1-4CA6-8B5A-CB9A433965AB}.Debug|x64.Build.0 = Debug|x64
		{7139A73A-C4F1-4CA6-8B5A-CB9A433965AB}.Debug|x86.ActiveCfg = Debug|Win32
		{7139A73A-C4F1-4CA6-8B5A-CB9A433965AB}.Debug|x86.Build.0 = Debug|Win32
		{7139A73A-C4F1-4CA6-8B5A-CB9A433965AB}.Release|Any CPU.ActiveCfg = Release|Win32
		{7139A73A-C4F1-4CA6-8B5A-CB9A433965AB}.Release|x64.ActiveCfg = Release|x64
		{7139A73A-C4F1-4CA6-8B5A-CB9A433965AB}.Release|x64.Build.0 = Release|x64
		{7139A73A-C4F1-4CA6-8B5A-CB9A433965AB}.Release|x86.ActiveCfg = Release|Win32
		{7139A73A-C4F1-4CA6-8B5A-CB9A433965AB}.Release|x86.Build.0 = Release|Win32
		{96BE7444-4E11-4DCD-83B6-A45685EB1B1E}.Debug|Any CPU.ActiveCfg = Debug|Win32
		{96BE7444-4E11-4DCD-83B6-A45685EB1B1E}.Debug|x64.ActiveCfg = Debug|x64
		{96BE7444-4E11-4DCD-83B6-A45685EB1B1E}.Debug|x64.Build.0 = Debug|x64
		{96BE7444-4E11-4DCD-83B6-A45685EB1B1E}.Debug|x86.ActiveCfg = Debug|Win32
		{96BE7444-4E11-4DCD-83B6-A45685EB1B1E}.Debug|x86.Build.0 = Debug|Win32
		{96BE7444-4E11-4DCD-83B6-A45685EB1B1E}.Release|Any CPU.ActiveCfg = Release|Win32
		{96BE7444-4E11-4DCD-83B6-A45685EB1B1E}.Release|x64.ActiveCfg = Release|x64
		{96BE7444-4E11-4DCD-83B6-A45685EB1B1E}.Release|x64.Build.0 = Release|x64
		{96BE7444-4E11-4DCD-83B6-A45685EB1B1E}.Release|x86.ActiveCfg = Release|Win32
		{96BE7444-4E11-4DCD-83B6-A45685EB1B1E}.Release|x86.Build.0 = Release|Win32
		{013F4CB4-7E9C-478F-983F-3F0037FFF68E}.Debug|Any CPU.ActiveCfg = Debug|Win32
		{013F4CB4-7E9C-478F-983F-3F0037FFF68E}.Debug|x64.ActiveCfg = Debug|x64
		{013F4CB4-7E9C-478F-983F-3F0037FFF68E}.Debug|x64.Build.0 = Debug|x64
		{013F4CB4-7E9C-478F-983F-3F0037FFF68E}.Debug|x86.ActiveCfg = Debug|Win32
		{013F4CB4-7E9C-478F-983F-3F0037FFF68E}.Debug|x86.Build.0 = Debug|Win32
		{013F4CB4-7E9C-478F-983F-3F0037FFF68E}.Release|Any CPU.ActiveCfg = Release|Win32
		{013F4CB4-7E9C-478F-983F-3F0037FFF68E}.Release|x64.ActiveCfg = Release|x64
		{013F4CB4-7E9C-478F-983F-3F0037FFF68E}.Release|x64.Build.0 = Release|x64
		{013F4CB4-7E9C-478F-983F-3F0037FFF68E}.Release|x86.ActiveCfg = Release|Win32
		{013F4CB4-7E9C-478F-983F-3F0037FFF68E}.Release|x86.Build.0 = Release|Win32
		{DB47A21F-9F12-4189-B362-85C88D1EB04C}.Debug|Any CPU.ActiveCfg = Debug|Win32
		{DB47A21F-9F12-4189-B362-85C88D1EB04C}.Debug|x64.ActiveCfg = Debug|x64
		{DB47A21F-9F12-4189-B362-85C88D1EB04C}.Debug|x64.Build.0 = Debug|x64
		{DB47A21F-9F12-4189-B362-85C88D1EB04C}.Debug|x86.ActiveCfg = Debug|Win32
		{DB47A21F-9F12-4189-B362-85C88D1EB04C}.Debug|x86.Build.0 = Debug|Win32
		{DB47A21F-9F12-4189-B362-85C88D1EB04C}.Release|Any CPU.ActiveCfg = Release|Win32
		{DB47A21F-9F12-4189-B362-85C88D1EB04C}.Release|x64.ActiveCfg = Release|x64
		{DB47A21F-9F12-4189-B362-85C88D1EB04C}.Release|x64.Build.0 = Release|x64
		{DB47A21F-9F12-4189-B362-85C88D1EB04C}.Release|x86.ActiveCfg = Release|Win32
		{DB47A21F-9F12-4189-B362-85C88D1EB04C}.Release|x86.Build.0 = Release|Win32
		{9163BBE7-F6B3-48BE-A6D7-47A34E262DD8}.Debug|Any CPU.ActiveCfg = Debug|Win32
		{9163BBE7-F6B3-48BE-A6D7-47A34E262DD8}.Debug|x64.ActiveCfg = Debug|x64
		{9163BBE7-F6B3-48BE-A6D7-47A34E262DD8}.Debug|x64.Build.0 = Debug|x64
		{9163BBE7-F6B3-48BE-A6D7-47A34E262DD8}.Debug|x86.ActiveCfg = Debug|Win32
		{9163BBE7-F6B3-48BE-A6D7-47A34E262DD8}.Debug|x86.Build.0 = Debug|Win32
		{9163BBE7-F6B3-48BE-A6D7-47A34E262DD8}.Release|Any CPU.ActiveCfg = Release|Win32
		{9163BBE7-F6B3-48BE-A6D7-47A34E262DD8}.Release|x64.ActiveCfg = Release|x64
		{9163BBE7-F6B3-48BE-A6D7-47A34E262DD8}.Release|x64.Build.0 = Release|x64
		{9163BBE7-F6B3-48BE-A6D7-47A34E262DD8}.Release|x86.ActiveCfg = Release|Win32
		{9163BBE7-F6B3-48BE-A6D7-47A34E262DD8}.Release|x86.Build.0 = Release|Win32
		{6925F6BF-72B9-46BE-BA09-37E35E94B22E}.Debug|Any CPU.ActiveCfg = Debug|Win32
		{6925F6BF-72B9-46BE-BA09-37E35E94B22E}.Debug|x64.ActiveCfg = Debug|x64
		{6925F6BF-72B9-46BE-BA09-37E35E94B22E}.Debug|x64.Build.0 = Debug|x64
		{6925F6BF-72B9-46BE-BA09-37E35E94B22E}.Debug|x86.ActiveCfg = Debug|Win32
		{6925F6BF-72B9-46BE-BA09-37E35E94B22E}.Debug|x86.Build.0 = Debug|Win32
		{6925F6BF-72B9-46BE-BA09-37E35E94B22E}.Release|Any CPU.ActiveCfg = Release|Win32
		{6925F6BF-72B9-46BE-BA09-37E35E94B22E}.Release|x64.ActiveCfg = Release|x64
		{6925F6BF-72B9-46BE-BA09-37E35E94B22E}.Release|x64.Build.0 = Release|x64
		{6925F6BF-72B9-46BE-BA09-37E35E94B22E}.Release|x86.ActiveCfg = Release|Win32
		{6925F6BF-72B9-46BE-BA09-37E35E94B22E}.Release|x86.Build.0 = Release|Win32
		{066AF029-EC3C-4028-B8AF-A93B6BC80423}.Debug|Any CPU.ActiveCfg = Debug|Win32
		{066AF029-EC3C-4028-B8AF-A93B6BC80423}.Debug|x64.ActiveCfg = Debug|x64
		{066AF029-EC3C-4028-B8AF-A93B6BC80423}.Debug|x64.Build.0 = Debug|x64
		{066AF029-EC3C-4028-B8AF-A93B6BC80423}.Debug|x86.ActiveCfg = Debug|Win32
		{066AF029-EC3C-4028-B8AF-A93B6BC80423}.Debug|x86.Build.0 = Debug|Win32
		{066AF029-EC3C-4028-B8AF-A93B6BC80423}.Release|Any CPU.ActiveCfg = Release|Win32
		{066AF029-EC3C-4028-B8AF-A93B6BC80423}.Release|x64.ActiveCfg = Release|x64
		{066AF029-EC3C-4028-B8AF-A93B6BC80423}.Release|x64.Build.0 = Release|x64
		{066AF029-EC3C-4028-B8AF-A93B6BC80423}.Release|x86.ActiveCfg = Release|Win32
		{066AF029-EC3C-4028-B8AF-A93B6BC80423}.Release|x86.Build.0 = Release|Win32
	EndGlobalSection
	GlobalSection(SolutionProperties) = preSolution
		HideSolutionNode = FALSE
	EndGlobalSection
	GlobalSection(ExtensibilityGlobals) = postSolution
		SolutionGuid = {E440A2AE-C0DD-4A21-8A1E-A45A7995458C}
	EndGlobalSection
EndGlobal
